// !$*UTF8*$!
{
	archiveVersion = 1;
	classes = {
	};
	objectVersion = 56;
	objects = {

/* Begin PBXBuildFile section */
		5B26A16D2AF9F64E00796345 /* Step1View.swift in Sources */ = {isa = PBXBuildFile; fileRef = 5B26A16C2AF9F64E00796345 /* Step1View.swift */; };
		5B26A16F2AF9F75000796345 /* Step2View.swift in Sources */ = {isa = PBXBuildFile; fileRef = 5B26A16E2AF9F75000796345 /* Step2View.swift */; };
		5B26A1712AF9F89700796345 /* Step3View.swift in Sources */ = {isa = PBXBuildFile; fileRef = 5B26A1702AF9F89700796345 /* Step3View.swift */; };
		5B26A1732AF9FA6900796345 /* SubmitView.swift in Sources */ = {isa = PBXBuildFile; fileRef = 5B26A1722AF9FA6900796345 /* SubmitView.swift */; };
		5B26A1752AF9FE4000796345 /* StepScreen.swift in Sources */ = {isa = PBXBuildFile; fileRef = 5B26A1742AF9FE4000796345 /* StepScreen.swift */; };
		5B26A1772AF9FFEB00796345 /* StepCoordinator.swift in Sources */ = {isa = PBXBuildFile; fileRef = 5B26A1762AF9FFEB00796345 /* StepCoordinator.swift */; };
		5B26A17A2AFB13EA00796345 /* WelcomeView.swift in Sources */ = {isa = PBXBuildFile; fileRef = 5B26A1792AFB13EA00796345 /* WelcomeView.swift */; };
		5B26A17C2AFB142E00796345 /* LoginView.swift in Sources */ = {isa = PBXBuildFile; fileRef = 5B26A17B2AFB142E00796345 /* LoginView.swift */; };
		5B26A17E2AFB148B00796345 /* GameView.swift in Sources */ = {isa = PBXBuildFile; fileRef = 5B26A17D2AFB148B00796345 /* GameView.swift */; };
		5B26A1802AFB162400796345 /* LoginCoordinator.swift in Sources */ = {isa = PBXBuildFile; fileRef = 5B26A17F2AFB162400796345 /* LoginCoordinator.swift */; };
		5B26A1822AFB178700796345 /* GameCoordinator.swift in Sources */ = {isa = PBXBuildFile; fileRef = 5B26A1812AFB178700796345 /* GameCoordinator.swift */; };
		5B26A1842AFB1C0500796345 /* AppCoordinator.swift in Sources */ = {isa = PBXBuildFile; fileRef = 5B26A1832AFB1C0500796345 /* AppCoordinator.swift */; };
		5BE44F862AF0D9E8006FFA3F /* TCACoordinatorExampleApp.swift in Sources */ = {isa = PBXBuildFile; fileRef = 5BE44F852AF0D9E8006FFA3F /* TCACoordinatorExampleApp.swift */; };
		5BE44F882AF0D9E8006FFA3F /* MainTabCoordinator.swift in Sources */ = {isa = PBXBuildFile; fileRef = 5BE44F872AF0D9E8006FFA3F /* MainTabCoordinator.swift */; };
		5BE44F8A2AF0D9E9006FFA3F /* Assets.xcassets in Resources */ = {isa = PBXBuildFile; fileRef = 5BE44F892AF0D9E9006FFA3F /* Assets.xcassets */; };
		5BE44F8D2AF0D9E9006FFA3F /* Preview Assets.xcassets in Resources */ = {isa = PBXBuildFile; fileRef = 5BE44F8C2AF0D9E9006FFA3F /* Preview Assets.xcassets */; };
		5BE44F952AF0DA10006FFA3F /* TCACoordinators in Frameworks */ = {isa = PBXBuildFile; productRef = 5BE44F942AF0DA10006FFA3F /* TCACoordinators */; };
		5BE44F982AF0DA24006FFA3F /* ComposableArchitecture in Frameworks */ = {isa = PBXBuildFile; productRef = 5BE44F972AF0DA24006FFA3F /* ComposableArchitecture */; };
		5BFE0A772AF880E200BB453F /* IndexedCoordinator.swift in Sources */ = {isa = PBXBuildFile; fileRef = 5BFE0A762AF880E200BB453F /* IndexedCoordinator.swift */; };
		5BFE0A792AF8816900BB453F /* Screen.swift in Sources */ = {isa = PBXBuildFile; fileRef = 5BFE0A782AF8816900BB453F /* Screen.swift */; };
		5BFE0A7B2AF8A0B400BB453F /* IdentifiedCoordinator.swift in Sources */ = {isa = PBXBuildFile; fileRef = 5BFE0A7A2AF8A0B400BB453F /* IdentifiedCoordinator.swift */; };
/* End PBXBuildFile section */

/* Begin PBXFileReference section */
		5B26A16C2AF9F64E00796345 /* Step1View.swift */ = {isa = PBXFileReference; lastKnownFileType = sourcecode.swift; path = Step1View.swift; sourceTree = "<group>"; };
		5B26A16E2AF9F75000796345 /* Step2View.swift */ = {isa = PBXFileReference; lastKnownFileType = sourcecode.swift; path = Step2View.swift; sourceTree = "<group>"; };
		5B26A1702AF9F89700796345 /* Step3View.swift */ = {isa = PBXFileReference; lastKnownFileType = sourcecode.swift; path = Step3View.swift; sourceTree = "<group>"; };
		5B26A1722AF9FA6900796345 /* SubmitView.swift */ = {isa = PBXFileReference; lastKnownFileType = sourcecode.swift; path = SubmitView.swift; sourceTree = "<group>"; };
		5B26A1742AF9FE4000796345 /* StepScreen.swift */ = {isa = PBXFileReference; lastKnownFileType = sourcecode.swift; path = StepScreen.swift; sourceTree = "<group>"; };
		5B26A1762AF9FFEB00796345 /* StepCoordinator.swift */ = {isa = PBXFileReference; lastKnownFileType = sourcecode.swift; path = StepCoordinator.swift; sourceTree = "<group>"; };
		5B26A1792AFB13EA00796345 /* WelcomeView.swift */ = {isa = PBXFileReference; lastKnownFileType = sourcecode.swift; path = WelcomeView.swift; sourceTree = "<group>"; };
		5B26A17B2AFB142E00796345 /* LoginView.swift */ = {isa = PBXFileReference; lastKnownFileType = sourcecode.swift; path = LoginView.swift; sourceTree = "<group>"; };
		5B26A17D2AFB148B00796345 /* GameView.swift */ = {isa = PBXFileReference; lastKnownFileType = sourcecode.swift; path = GameView.swift; sourceTree = "<group>"; };
		5B26A17F2AFB162400796345 /* LoginCoordinator.swift */ = {isa = PBXFileReference; lastKnownFileType = sourcecode.swift; path = LoginCoordinator.swift; sourceTree = "<group>"; };
		5B26A1812AFB178700796345 /* GameCoordinator.swift */ = {isa = PBXFileReference; lastKnownFileType = sourcecode.swift; path = GameCoordinator.swift; sourceTree = "<group>"; };
		5B26A1832AFB1C0500796345 /* AppCoordinator.swift */ = {isa = PBXFileReference; lastKnownFileType = sourcecode.swift; path = AppCoordinator.swift; sourceTree = "<group>"; };
		5BE44F822AF0D9E8006FFA3F /* TCACoordinatorExample.app */ = {isa = PBXFileReference; explicitFileType = wrapper.application; includeInIndex = 0; path = TCACoordinatorExample.app; sourceTree = BUILT_PRODUCTS_DIR; };
		5BE44F852AF0D9E8006FFA3F /* TCACoordinatorExampleApp.swift */ = {isa = PBXFileReference; lastKnownFileType = sourcecode.swift; path = TCACoordinatorExampleApp.swift; sourceTree = "<group>"; };
		5BE44F872AF0D9E8006FFA3F /* MainTabCoordinator.swift */ = {isa = PBXFileReference; lastKnownFileType = sourcecode.swift; path = MainTabCoordinator.swift; sourceTree = "<group>"; };
		5BE44F892AF0D9E9006FFA3F /* Assets.xcassets */ = {isa = PBXFileReference; lastKnownFileType = folder.assetcatalog; path = Assets.xcassets; sourceTree = "<group>"; };
		5BE44F8C2AF0D9E9006FFA3F /* Preview Assets.xcassets */ = {isa = PBXFileReference; lastKnownFileType = folder.assetcatalog; path = "Preview Assets.xcassets"; sourceTree = "<group>"; };
		5BFE0A762AF880E200BB453F /* IndexedCoordinator.swift */ = {isa = PBXFileReference; lastKnownFileType = sourcecode.swift; path = IndexedCoordinator.swift; sourceTree = "<group>"; };
		5BFE0A782AF8816900BB453F /* Screen.swift */ = {isa = PBXFileReference; lastKnownFileType = sourcecode.swift; path = Screen.swift; sourceTree = "<group>"; };
		5BFE0A7A2AF8A0B400BB453F /* IdentifiedCoordinator.swift */ = {isa = PBXFileReference; lastKnownFileType = sourcecode.swift; path = IdentifiedCoordinator.swift; sourceTree = "<group>"; };
/* End PBXFileReference section */

/* Begin PBXFrameworksBuildPhase section */
		5BE44F7F2AF0D9E8006FFA3F /* Frameworks */ = {
			isa = PBXFrameworksBuildPhase;
			buildActionMask = 2147483647;
			files = (
				5BE44F982AF0DA24006FFA3F /* ComposableArchitecture in Frameworks */,
				5BE44F952AF0DA10006FFA3F /* TCACoordinators in Frameworks */,
			);
			runOnlyForDeploymentPostprocessing = 0;
		};
/* End PBXFrameworksBuildPhase section */

/* Begin PBXGroup section */
		5B26A16B2AF9F63E00796345 /* Form */ = {
			isa = PBXGroup;
			children = (
				5B26A1762AF9FFEB00796345 /* StepCoordinator.swift */,
				5B26A1742AF9FE4000796345 /* StepScreen.swift */,
				5B26A16C2AF9F64E00796345 /* Step1View.swift */,
				5B26A16E2AF9F75000796345 /* Step2View.swift */,
				5B26A1702AF9F89700796345 /* Step3View.swift */,
				5B26A1722AF9FA6900796345 /* SubmitView.swift */,
			);
			path = Form;
			sourceTree = "<group>";
		};
		5B26A1782AFB13DA00796345 /* Play */ = {
			isa = PBXGroup;
			children = (
				5B26A1792AFB13EA00796345 /* WelcomeView.swift */,
				5B26A17B2AFB142E00796345 /* LoginView.swift */,
				5B26A17D2AFB148B00796345 /* GameView.swift */,
				5B26A17F2AFB162400796345 /* LoginCoordinator.swift */,
				5B26A1812AFB178700796345 /* GameCoordinator.swift */,
				5B26A1832AFB1C0500796345 /* AppCoordinator.swift */,
			);
			path = Play;
			sourceTree = "<group>";
		};
		5BE44F792AF0D9E8006FFA3F = {
			isa = PBXGroup;
			children = (
				5BE44F842AF0D9E8006FFA3F /* TCACoordinatorExample */,
				5BE44F832AF0D9E8006FFA3F /* Products */,
			);
			sourceTree = "<group>";
		};
		5BE44F832AF0D9E8006FFA3F /* Products */ = {
			isa = PBXGroup;
			children = (
				5BE44F822AF0D9E8006FFA3F /* TCACoordinatorExample.app */,
			);
			name = Products;
			sourceTree = "<group>";
		};
		5BE44F842AF0D9E8006FFA3F /* TCACoordinatorExample */ = {
			isa = PBXGroup;
			children = (
				5B26A1782AFB13DA00796345 /* Play */,
				5BFE0A752AF8807600BB453F /* Default */,
				5B26A16B2AF9F63E00796345 /* Form */,
				5BE44F852AF0D9E8006FFA3F /* TCACoordinatorExampleApp.swift */,
				5BE44F872AF0D9E8006FFA3F /* MainTabCoordinator.swift */,
				5BE44F892AF0D9E9006FFA3F /* Assets.xcassets */,
				5BE44F8B2AF0D9E9006FFA3F /* Preview Content */,
			);
			path = TCACoordinatorExample;
			sourceTree = "<group>";
		};
		5BE44F8B2AF0D9E9006FFA3F /* Preview Content */ = {
			isa = PBXGroup;
			children = (
				5BE44F8C2AF0D9E9006FFA3F /* Preview Assets.xcassets */,
			);
			path = "Preview Content";
			sourceTree = "<group>";
		};
		5BFE0A752AF8807600BB453F /* Default */ = {
			isa = PBXGroup;
			children = (
				5BFE0A762AF880E200BB453F /* IndexedCoordinator.swift */,
				5BFE0A7A2AF8A0B400BB453F /* IdentifiedCoordinator.swift */,
				5BFE0A782AF8816900BB453F /* Screen.swift */,
			);
			path = Default;
			sourceTree = "<group>";
		};
/* End PBXGroup section */

/* Begin PBXNativeTarget section */
		5BE44F812AF0D9E8006FFA3F /* TCACoordinatorExample */ = {
			isa = PBXNativeTarget;
			buildConfigurationList = 5BE44F902AF0D9E9006FFA3F /* Build configuration list for PBXNativeTarget "TCACoordinatorExample" */;
			buildPhases = (
				5BE44F7E2AF0D9E8006FFA3F /* Sources */,
				5BE44F7F2AF0D9E8006FFA3F /* Frameworks */,
				5BE44F802AF0D9E8006FFA3F /* Resources */,
			);
			buildRules = (
			);
			dependencies = (
			);
			name = TCACoordinatorExample;
			packageProductDependencies = (
				5BE44F942AF0DA10006FFA3F /* TCACoordinators */,
				5BE44F972AF0DA24006FFA3F /* ComposableArchitecture */,
			);
			productName = TCACoordinatorExample;
			productReference = 5BE44F822AF0D9E8006FFA3F /* TCACoordinatorExample.app */;
			productType = "com.apple.product-type.application";
		};
/* End PBXNativeTarget section */

/* Begin PBXProject section */
		5BE44F7A2AF0D9E8006FFA3F /* Project object */ = {
			isa = PBXProject;
			attributes = {
				BuildIndependentTargetsInParallel = 1;
				LastSwiftUpdateCheck = 1500;
				LastUpgradeCheck = 1500;
				TargetAttributes = {
					5BE44F812AF0D9E8006FFA3F = {
						CreatedOnToolsVersion = 15.0.1;
					};
				};
			};
			buildConfigurationList = 5BE44F7D2AF0D9E8006FFA3F /* Build configuration list for PBXProject "TCACoordinatorExample" */;
			compatibilityVersion = "Xcode 14.0";
			developmentRegion = en;
			hasScannedForEncodings = 0;
			knownRegions = (
				en,
				Base,
			);
			mainGroup = 5BE44F792AF0D9E8006FFA3F;
			packageReferences = (
				5BE44F932AF0DA10006FFA3F /* XCRemoteSwiftPackageReference "TCACoordinators" */,
				5BE44F962AF0DA24006FFA3F /* XCRemoteSwiftPackageReference "swift-composable-architecture" */,
			);
			productRefGroup = 5BE44F832AF0D9E8006FFA3F /* Products */;
			projectDirPath = "";
			projectRoot = "";
			targets = (
				5BE44F812AF0D9E8006FFA3F /* TCACoordinatorExample */,
			);
		};
/* End PBXProject section */

/* Begin PBXResourcesBuildPhase section */
		5BE44F802AF0D9E8006FFA3F /* Resources */ = {
			isa = PBXResourcesBuildPhase;
			buildActionMask = 2147483647;
			files = (
				5BE44F8D2AF0D9E9006FFA3F /* Preview Assets.xcassets in Resources */,
				5BE44F8A2AF0D9E9006FFA3F /* Assets.xcassets in Resources */,
			);
			runOnlyForDeploymentPostprocessing = 0;
		};
/* End PBXResourcesBuildPhase section */

/* Begin PBXSourcesBuildPhase section */
		5BE44F7E2AF0D9E8006FFA3F /* Sources */ = {
			isa = PBXSourcesBuildPhase;
			buildActionMask = 2147483647;
			files = (
				5B26A1732AF9FA6900796345 /* SubmitView.swift in Sources */,
				5B26A1752AF9FE4000796345 /* StepScreen.swift in Sources */,
				5B26A1842AFB1C0500796345 /* AppCoordinator.swift in Sources */,
				5B26A16D2AF9F64E00796345 /* Step1View.swift in Sources */,
				5BE44F882AF0D9E8006FFA3F /* MainTabCoordinator.swift in Sources */,
				5BFE0A7B2AF8A0B400BB453F /* IdentifiedCoordinator.swift in Sources */,
				5B26A1772AF9FFEB00796345 /* StepCoordinator.swift in Sources */,
				5B26A17E2AFB148B00796345 /* GameView.swift in Sources */,
				5BE44F862AF0D9E8006FFA3F /* TCACoordinatorExampleApp.swift in Sources */,
				5B26A17A2AFB13EA00796345 /* WelcomeView.swift in Sources */,
				5B26A1712AF9F89700796345 /* Step3View.swift in Sources */,
				5B26A16F2AF9F75000796345 /* Step2View.swift in Sources */,
				5B26A17C2AFB142E00796345 /* LoginView.swift in Sources */,
				5B26A1802AFB162400796345 /* LoginCoordinator.swift in Sources */,
				5BFE0A772AF880E200BB453F /* IndexedCoordinator.swift in Sources */,
				5B26A1822AFB178700796345 /* GameCoordinator.swift in Sources */,
				5BFE0A792AF8816900BB453F /* Screen.swift in Sources */,
			);
			runOnlyForDeploymentPostprocessing = 0;
		};
/* End PBXSourcesBuildPhase section */

/* Begin XCBuildConfiguration section */
		5BE44F8E2AF0D9E9006FFA3F /* Debug */ = {
			isa = XCBuildConfiguration;
			buildSettings = {
				ALWAYS_SEARCH_USER_PATHS = NO;
				ASSETCATALOG_COMPILER_GENERATE_SWIFT_ASSET_SYMBOL_EXTENSIONS = YES;
				CLANG_ANALYZER_NONNULL = YES;
				CLANG_ANALYZER_NUMBER_OBJECT_CONVERSION = YES_AGGRESSIVE;
				CLANG_CXX_LANGUAGE_STANDARD = "gnu++20";
				CLANG_ENABLE_MODULES = YES;
				CLANG_ENABLE_OBJC_ARC = YES;
				CLANG_ENABLE_OBJC_WEAK = YES;
				CLANG_WARN_BLOCK_CAPTURE_AUTORELEASING = YES;
				CLANG_WARN_BOOL_CONVERSION = YES;
				CLANG_WARN_COMMA = YES;
				CLANG_WARN_CONSTANT_CONVERSION = YES;
				CLANG_WARN_DEPRECATED_OBJC_IMPLEMENTATIONS = YES;
				CLANG_WARN_DIRECT_OBJC_ISA_USAGE = YES_ERROR;
				CLANG_WARN_DOCUMENTATION_COMMENTS = YES;
				CLANG_WARN_EMPTY_BODY = YES;
				CLANG_WARN_ENUM_CONVERSION = YES;
				CLANG_WARN_INFINITE_RECURSION = YES;
				CLANG_WARN_INT_CONVERSION = YES;
				CLANG_WARN_NON_LITERAL_NULL_CONVERSION = YES;
				CLANG_WARN_OBJC_IMPLICIT_RETAIN_SELF = YES;
				CLANG_WARN_OBJC_LITERAL_CONVERSION = YES;
				CLANG_WARN_OBJC_ROOT_CLASS = YES_ERROR;
				CLANG_WARN_QUOTED_INCLUDE_IN_FRAMEWORK_HEADER = YES;
				CLANG_WARN_RANGE_LOOP_ANALYSIS = YES;
				CLANG_WARN_STRICT_PROTOTYPES = YES;
				CLANG_WARN_SUSPICIOUS_MOVE = YES;
				CLANG_WARN_UNGUARDED_AVAILABILITY = YES_AGGRESSIVE;
				CLANG_WARN_UNREACHABLE_CODE = YES;
				CLANG_WARN__DUPLICATE_METHOD_MATCH = YES;
				COPY_PHASE_STRIP = NO;
				DEBUG_INFORMATION_FORMAT = dwarf;
				ENABLE_STRICT_OBJC_MSGSEND = YES;
				ENABLE_TESTABILITY = YES;
				ENABLE_USER_SCRIPT_SANDBOXING = YES;
				GCC_C_LANGUAGE_STANDARD = gnu17;
				GCC_DYNAMIC_NO_PIC = NO;
				GCC_NO_COMMON_BLOCKS = YES;
				GCC_OPTIMIZATION_LEVEL = 0;
				GCC_PREPROCESSOR_DEFINITIONS = (
					"DEBUG=1",
					"$(inherited)",
				);
				GCC_WARN_64_TO_32_BIT_CONVERSION = YES;
				GCC_WARN_ABOUT_RETURN_TYPE = YES_ERROR;
				GCC_WARN_UNDECLARED_SELECTOR = YES;
				GCC_WARN_UNINITIALIZED_AUTOS = YES_AGGRESSIVE;
				GCC_WARN_UNUSED_FUNCTION = YES;
				GCC_WARN_UNUSED_VARIABLE = YES;
				IPHONEOS_DEPLOYMENT_TARGET = 15.0;
				LOCALIZATION_PREFERS_STRING_CATALOGS = YES;
				MTL_ENABLE_DEBUG_INFO = INCLUDE_SOURCE;
				MTL_FAST_MATH = YES;
				ONLY_ACTIVE_ARCH = YES;
				SDKROOT = iphoneos;
				SWIFT_ACTIVE_COMPILATION_CONDITIONS = "DEBUG $(inherited)";
				SWIFT_OPTIMIZATION_LEVEL = "-Onone";
			};
			name = Debug;
		};
		5BE44F8F2AF0D9E9006FFA3F /* Release */ = {
			isa = XCBuildConfiguration;
			buildSettings = {
				ALWAYS_SEARCH_USER_PATHS = NO;
				ASSETCATALOG_COMPILER_GENERATE_SWIFT_ASSET_SYMBOL_EXTENSIONS = YES;
				CLANG_ANALYZER_NONNULL = YES;
				CLANG_ANALYZER_NUMBER_OBJECT_CONVERSION = YES_AGGRESSIVE;
				CLANG_CXX_LANGUAGE_STANDARD = "gnu++20";
				CLANG_ENABLE_MODULES = YES;
				CLANG_ENABLE_OBJC_ARC = YES;
				CLANG_ENABLE_OBJC_WEAK = YES;
				CLANG_WARN_BLOCK_CAPTURE_AUTORELEASING = YES;
				CLANG_WARN_BOOL_CONVERSION = YES;
				CLANG_WARN_COMMA = YES;
				CLANG_WARN_CONSTANT_CONVERSION = YES;
				CLANG_WARN_DEPRECATED_OBJC_IMPLEMENTATIONS = YES;
				CLANG_WARN_DIRECT_OBJC_ISA_USAGE = YES_ERROR;
				CLANG_WARN_DOCUMENTATION_COMMENTS = YES;
				CLANG_WARN_EMPTY_BODY = YES;
				CLANG_WARN_ENUM_CONVERSION = YES;
				CLANG_WARN_INFINITE_RECURSION = YES;
				CLANG_WARN_INT_CONVERSION = YES;
				CLANG_WARN_NON_LITERAL_NULL_CONVERSION = YES;
				CLANG_WARN_OBJC_IMPLICIT_RETAIN_SELF = YES;
				CLANG_WARN_OBJC_LITERAL_CONVERSION = YES;
				CLANG_WARN_OBJC_ROOT_CLASS = YES_ERROR;
				CLANG_WARN_QUOTED_INCLUDE_IN_FRAMEWORK_HEADER = YES;
				CLANG_WARN_RANGE_LOOP_ANALYSIS = YES;
				CLANG_WARN_STRICT_PROTOTYPES = YES;
				CLANG_WARN_SUSPICIOUS_MOVE = YES;
				CLANG_WARN_UNGUARDED_AVAILABILITY = YES_AGGRESSIVE;
				CLANG_WARN_UNREACHABLE_CODE = YES;
				CLANG_WARN__DUPLICATE_METHOD_MATCH = YES;
				COPY_PHASE_STRIP = NO;
				DEBUG_INFORMATION_FORMAT = "dwarf-with-dsym";
				ENABLE_NS_ASSERTIONS = NO;
				ENABLE_STRICT_OBJC_MSGSEND = YES;
				ENABLE_USER_SCRIPT_SANDBOXING = YES;
				GCC_C_LANGUAGE_STANDARD = gnu17;
				GCC_NO_COMMON_BLOCKS = YES;
				GCC_WARN_64_TO_32_BIT_CONVERSION = YES;
				GCC_WARN_ABOUT_RETURN_TYPE = YES_ERROR;
				GCC_WARN_UNDECLARED_SELECTOR = YES;
				GCC_WARN_UNINITIALIZED_AUTOS = YES_AGGRESSIVE;
				GCC_WARN_UNUSED_FUNCTION = YES;
				GCC_WARN_UNUSED_VARIABLE = YES;
				IPHONEOS_DEPLOYMENT_TARGET = 15.0;
				LOCALIZATION_PREFERS_STRING_CATALOGS = YES;
				MTL_ENABLE_DEBUG_INFO = NO;
				MTL_FAST_MATH = YES;
				SDKROOT = iphoneos;
				SWIFT_COMPILATION_MODE = wholemodule;
				VALIDATE_PRODUCT = YES;
			};
			name = Release;
		};
		5BE44F912AF0D9E9006FFA3F /* Debug */ = {
			isa = XCBuildConfiguration;
			buildSettings = {
				ASSETCATALOG_COMPILER_APPICON_NAME = AppIcon;
				ASSETCATALOG_COMPILER_GLOBAL_ACCENT_COLOR_NAME = AccentColor;
				CODE_SIGN_STYLE = Automatic;
				CURRENT_PROJECT_VERSION = 1;
				DEVELOPMENT_ASSET_PATHS = "\"TCACoordinatorExample/Preview Content\"";
				DEVELOPMENT_TEAM = 54V3G99LL8;
				ENABLE_PREVIEWS = YES;
				GENERATE_INFOPLIST_FILE = YES;
				INFOPLIST_KEY_UIApplicationSceneManifest_Generation = YES;
				INFOPLIST_KEY_UIApplicationSupportsIndirectInputEvents = YES;
				INFOPLIST_KEY_UILaunchScreen_Generation = YES;
				INFOPLIST_KEY_UISupportedInterfaceOrientations_iPad = "UIInterfaceOrientationPortrait UIInterfaceOrientationPortraitUpsideDown UIInterfaceOrientationLandscapeLeft UIInterfaceOrientationLandscapeRight";
				INFOPLIST_KEY_UISupportedInterfaceOrientations_iPhone = "UIInterfaceOrientationPortrait UIInterfaceOrientationLandscapeLeft UIInterfaceOrientationLandscapeRight";
				LD_RUNPATH_SEARCH_PATHS = (
					"$(inherited)",
					"@executable_path/Frameworks",
				);
				MARKETING_VERSION = 1.0;
				PRODUCT_BUNDLE_IDENTIFIER = com.dudu.TCACoordinatorExample;
				PRODUCT_NAME = "$(TARGET_NAME)";
				SWIFT_EMIT_LOC_STRINGS = YES;
				SWIFT_VERSION = 5.0;
				TARGETED_DEVICE_FAMILY = "1,2";
			};
			name = Debug;
		};
		5BE44F922AF0D9E9006FFA3F /* Release */ = {
			isa = XCBuildConfiguration;
			buildSettings = {
				ASSETCATALOG_COMPILER_APPICON_NAME = AppIcon;
				ASSETCATALOG_COMPILER_GLOBAL_ACCENT_COLOR_NAME = AccentColor;
				CODE_SIGN_STYLE = Automatic;
				CURRENT_PROJECT_VERSION = 1;
				DEVELOPMENT_ASSET_PATHS = "\"TCACoordinatorExample/Preview Content\"";
				DEVELOPMENT_TEAM = 54V3G99LL8;
				ENABLE_PREVIEWS = YES;
				GENERATE_INFOPLIST_FILE = YES;
				INFOPLIST_KEY_UIApplicationSceneManifest_Generation = YES;
				INFOPLIST_KEY_UIApplicationSupportsIndirectInputEvents = YES;
				INFOPLIST_KEY_UILaunchScreen_Generation = YES;
				INFOPLIST_KEY_UISupportedInterfaceOrientations_iPad = "UIInterfaceOrientationPortrait UIInterfaceOrientationPortraitUpsideDown UIInterfaceOrientationLandscapeLeft UIInterfaceOrientationLandscapeRight";
				INFOPLIST_KEY_UISupportedInterfaceOrientations_iPhone = "UIInterfaceOrientationPortrait UIInterfaceOrientationLandscapeLeft UIInterfaceOrientationLandscapeRight";
				LD_RUNPATH_SEARCH_PATHS = (
					"$(inherited)",
					"@executable_path/Frameworks",
				);
				MARKETING_VERSION = 1.0;
				PRODUCT_BUNDLE_IDENTIFIER = com.dudu.TCACoordinatorExample;
				PRODUCT_NAME = "$(TARGET_NAME)";
				SWIFT_EMIT_LOC_STRINGS = YES;
				SWIFT_VERSION = 5.0;
				TARGETED_DEVICE_FAMILY = "1,2";
			};
			name = Release;
		};
/* End XCBuildConfiguration section */

/* Begin XCConfigurationList section */
		5BE44F7D2AF0D9E8006FFA3F /* Build configuration list for PBXProject "TCACoordinatorExample" */ = {
			isa = XCConfigurationList;
			buildConfigurations = (
				5BE44F8E2AF0D9E9006FFA3F /* Debug */,
				5BE44F8F2AF0D9E9006FFA3F /* Release */,
			);
			defaultConfigurationIsVisible = 0;
			defaultConfigurationName = Release;
		};
		5BE44F902AF0D9E9006FFA3F /* Build configuration list for PBXNativeTarget "TCACoordinatorExample" */ = {
			isa = XCConfigurationList;
			buildConfigurations = (
				5BE44F912AF0D9E9006FFA3F /* Debug */,
				5BE44F922AF0D9E9006FFA3F /* Release */,
			);
			defaultConfigurationIsVisible = 0;
			defaultConfigurationName = Release;
		};
/* End XCConfigurationList section */

/* Begin XCRemoteSwiftPackageReference section */
		5BE44F932AF0DA10006FFA3F /* XCRemoteSwiftPackageReference "TCACoordinators" */ = {
			isa = XCRemoteSwiftPackageReference;
			repositoryURL = "https://github.com/johnpatrickmorgan/TCACoordinators";
			requirement = {
				kind = upToNextMajorVersion;
				minimumVersion = 0.6.1;
			};
		};
		5BE44F962AF0DA24006FFA3F /* XCRemoteSwiftPackageReference "swift-composable-architecture" */ = {
			isa = XCRemoteSwiftPackageReference;
			repositoryURL = "https://github.com/pointfreeco/swift-composable-architecture";
			requirement = {
				kind = upToNextMajorVersion;
				minimumVersion = 1.3.0;
			};
		};
/* End XCRemoteSwiftPackageReference section */

/* Begin XCSwiftPackageProductDependency section */
		5BE44F942AF0DA10006FFA3F /* TCACoordinators */ = {
			isa = XCSwiftPackageProductDependency;
			package = 5BE44F932AF0DA10006FFA3F /* XCRemoteSwiftPackageReference "TCACoordinators" */;
			productName = TCACoordinators;
		};
		5BE44F972AF0DA24006FFA3F /* ComposableArchitecture */ = {
			isa = XCSwiftPackageProductDependency;
			package = 5BE44F962AF0DA24006FFA3F /* XCRemoteSwiftPackageReference "swift-composable-architecture" */;
			productName = ComposableArchitecture;
		};
/* End XCSwiftPackageProductDependency section */
	};
	rootObject = 5BE44F7A2AF0D9E8006FFA3F /* Project object */;
}
