// !$*UTF8*$!
{
	archiveVersion = 1;
	classes = {
	};
	objectVersion = 56;
	objects = {

/* Begin PBXBuildFile section */
		5BE12B452A6784A1009A8B50 /* AppDelegate.swift in Sources */ = {isa = PBXBuildFile; fileRef = 5BE12B442A6784A1009A8B50 /* AppDelegate.swift */; };
		5BE12B472A6784A1009A8B50 /* SceneDelegate.swift in Sources */ = {isa = PBXBuildFile; fileRef = 5BE12B462A6784A1009A8B50 /* SceneDelegate.swift */; };
		5BE12B492A6784A1009A8B50 /* BaseVC.swift in Sources */ = {isa = PBXBuildFile; fileRef = 5BE12B482A6784A1009A8B50 /* BaseVC.swift */; };
		5BE12B4C2A6784A1009A8B50 /* Main.storyboard in Resources */ = {isa = PBXBuildFile; fileRef = 5BE12B4A2A6784A1009A8B50 /* Main.storyboard */; };
		5BE12B4E2A6784A2009A8B50 /* Assets.xcassets in Resources */ = {isa = PBXBuildFile; fileRef = 5BE12B4D2A6784A2009A8B50 /* Assets.xcassets */; };
		5BE12B512A6784A2009A8B50 /* LaunchScreen.storyboard in Resources */ = {isa = PBXBuildFile; fileRef = 5BE12B4F2A6784A2009A8B50 /* LaunchScreen.storyboard */; };
		5BE12B5A2A67983F009A8B50 /* ComposableArchitecture in Frameworks */ = {isa = PBXBuildFile; productRef = 5BE12B592A67983F009A8B50 /* ComposableArchitecture */; };
		5BE12B5D2A67984C009A8B50 /* CombineCocoa in Frameworks */ = {isa = PBXBuildFile; productRef = 5BE12B5C2A67984C009A8B50 /* CombineCocoa */; };
		5BE12B602A679858009A8B50 /* SnapKit in Frameworks */ = {isa = PBXBuildFile; productRef = 5BE12B5F2A679858009A8B50 /* SnapKit */; };
		5BE12B622A6798D8009A8B50 /* RootVC.swift in Sources */ = {isa = PBXBuildFile; fileRef = 5BE12B612A6798D8009A8B50 /* RootVC.swift */; };
		5BE12B722A679916009A8B50 /* LoadAndNavigate.swift in Sources */ = {isa = PBXBuildFile; fileRef = 5BE12B642A679916009A8B50 /* LoadAndNavigate.swift */; };
		5BE12B732A679916009A8B50 /* ListOfState.swift in Sources */ = {isa = PBXBuildFile; fileRef = 5BE12B652A679916009A8B50 /* ListOfState.swift */; };
		5BE12B742A679916009A8B50 /* Effect_Cancellaction.swift in Sources */ = {isa = PBXBuildFile; fileRef = 5BE12B672A679916009A8B50 /* Effect_Cancellaction.swift */; };
		5BE12B752A679916009A8B50 /* Effect_Refreshable.swift in Sources */ = {isa = PBXBuildFile; fileRef = 5BE12B682A679916009A8B50 /* Effect_Refreshable.swift */; };
		5BE12B762A679916009A8B50 /* Effect_LongLiving.swift in Sources */ = {isa = PBXBuildFile; fileRef = 5BE12B692A679916009A8B50 /* Effect_LongLiving.swift */; };
		5BE12B772A679916009A8B50 /* Effects_Basics.swift in Sources */ = {isa = PBXBuildFile; fileRef = 5BE12B6A2A679916009A8B50 /* Effects_Basics.swift */; };
		5BE12B782A679916009A8B50 /* Effect_Timer.swift in Sources */ = {isa = PBXBuildFile; fileRef = 5BE12B6B2A679916009A8B50 /* Effect_Timer.swift */; };
		5BE12B792A679916009A8B50 /* TwoCounterVC.swift in Sources */ = {isa = PBXBuildFile; fileRef = 5BE12B6D2A679916009A8B50 /* TwoCounterVC.swift */; };
		5BE12B7A2A679916009A8B50 /* CounterVC.swift in Sources */ = {isa = PBXBuildFile; fileRef = 5BE12B6E2A679916009A8B50 /* CounterVC.swift */; };
		5BE12B7B2A679916009A8B50 /* SharedVC.swift in Sources */ = {isa = PBXBuildFile; fileRef = 5BE12B6F2A679916009A8B50 /* SharedVC.swift */; };
		5BE12B7C2A679916009A8B50 /* OptionalVC.swift in Sources */ = {isa = PBXBuildFile; fileRef = 5BE12B702A679916009A8B50 /* OptionalVC.swift */; };
		5BE12B7D2A679916009A8B50 /* BindingsVC.swift in Sources */ = {isa = PBXBuildFile; fileRef = 5BE12B712A679916009A8B50 /* BindingsVC.swift */; };
		5BE12B802A67992C009A8B50 /* Then in Frameworks */ = {isa = PBXBuildFile; productRef = 5BE12B7F2A67992C009A8B50 /* Then */; };
/* End PBXBuildFile section */

/* Begin PBXFileReference section */
		5BE12B412A6784A1009A8B50 /* UIKit_CaseStudy.app */ = {isa = PBXFileReference; explicitFileType = wrapper.application; includeInIndex = 0; path = UIKit_CaseStudy.app; sourceTree = BUILT_PRODUCTS_DIR; };
		5BE12B442A6784A1009A8B50 /* AppDelegate.swift */ = {isa = PBXFileReference; lastKnownFileType = sourcecode.swift; path = AppDelegate.swift; sourceTree = "<group>"; };
		5BE12B462A6784A1009A8B50 /* SceneDelegate.swift */ = {isa = PBXFileReference; lastKnownFileType = sourcecode.swift; path = SceneDelegate.swift; sourceTree = "<group>"; };
		5BE12B482A6784A1009A8B50 /* BaseVC.swift */ = {isa = PBXFileReference; lastKnownFileType = sourcecode.swift; path = BaseVC.swift; sourceTree = "<group>"; };
		5BE12B4B2A6784A1009A8B50 /* Base */ = {isa = PBXFileReference; lastKnownFileType = file.storyboard; name = Base; path = Base.lproj/Main.storyboard; sourceTree = "<group>"; };
		5BE12B4D2A6784A2009A8B50 /* Assets.xcassets */ = {isa = PBXFileReference; lastKnownFileType = folder.assetcatalog; path = Assets.xcassets; sourceTree = "<group>"; };
		5BE12B502A6784A2009A8B50 /* Base */ = {isa = PBXFileReference; lastKnownFileType = file.storyboard; name = Base; path = Base.lproj/LaunchScreen.storyboard; sourceTree = "<group>"; };
		5BE12B522A6784A2009A8B50 /* Info.plist */ = {isa = PBXFileReference; lastKnownFileType = text.plist.xml; path = Info.plist; sourceTree = "<group>"; };
		5BE12B612A6798D8009A8B50 /* RootVC.swift */ = {isa = PBXFileReference; lastKnownFileType = sourcecode.swift; path = RootVC.swift; sourceTree = "<group>"; };
		5BE12B642A679916009A8B50 /* LoadAndNavigate.swift */ = {isa = PBXFileReference; fileEncoding = 4; lastKnownFileType = sourcecode.swift; path = LoadAndNavigate.swift; sourceTree = "<group>"; };
		5BE12B652A679916009A8B50 /* ListOfState.swift */ = {isa = PBXFileReference; fileEncoding = 4; lastKnownFileType = sourcecode.swift; path = ListOfState.swift; sourceTree = "<group>"; };
		5BE12B672A679916009A8B50 /* Effect_Cancellaction.swift */ = {isa = PBXFileReference; fileEncoding = 4; lastKnownFileType = sourcecode.swift; path = Effect_Cancellaction.swift; sourceTree = "<group>"; };
		5BE12B682A679916009A8B50 /* Effect_Refreshable.swift */ = {isa = PBXFileReference; fileEncoding = 4; lastKnownFileType = sourcecode.swift; path = Effect_Refreshable.swift; sourceTree = "<group>"; };
		5BE12B692A679916009A8B50 /* Effect_LongLiving.swift */ = {isa = PBXFileReference; fileEncoding = 4; lastKnownFileType = sourcecode.swift; path = Effect_LongLiving.swift; sourceTree = "<group>"; };
		5BE12B6A2A679916009A8B50 /* Effects_Basics.swift */ = {isa = PBXFileReference; fileEncoding = 4; lastKnownFileType = sourcecode.swift; path = Effects_Basics.swift; sourceTree = "<group>"; };
		5BE12B6B2A679916009A8B50 /* Effect_Timer.swift */ = {isa = PBXFileReference; fileEncoding = 4; lastKnownFileType = sourcecode.swift; path = Effect_Timer.swift; sourceTree = "<group>"; };
		5BE12B6D2A679916009A8B50 /* TwoCounterVC.swift */ = {isa = PBXFileReference; fileEncoding = 4; lastKnownFileType = sourcecode.swift; path = TwoCounterVC.swift; sourceTree = "<group>"; };
		5BE12B6E2A679916009A8B50 /* CounterVC.swift */ = {isa = PBXFileReference; fileEncoding = 4; lastKnownFileType = sourcecode.swift; path = CounterVC.swift; sourceTree = "<group>"; };
		5BE12B6F2A679916009A8B50 /* SharedVC.swift */ = {isa = PBXFileReference; fileEncoding = 4; lastKnownFileType = sourcecode.swift; path = SharedVC.swift; sourceTree = "<group>"; };
		5BE12B702A679916009A8B50 /* OptionalVC.swift */ = {isa = PBXFileReference; fileEncoding = 4; lastKnownFileType = sourcecode.swift; path = OptionalVC.swift; sourceTree = "<group>"; };
		5BE12B712A679916009A8B50 /* BindingsVC.swift */ = {isa = PBXFileReference; fileEncoding = 4; lastKnownFileType = sourcecode.swift; path = BindingsVC.swift; sourceTree = "<group>"; };
/* End PBXFileReference section */

/* Begin PBXFrameworksBuildPhase section */
		5BE12B3E2A6784A1009A8B50 /* Frameworks */ = {
			isa = PBXFrameworksBuildPhase;
			buildActionMask = 2147483647;
			files = (
				5BE12B602A679858009A8B50 /* SnapKit in Frameworks */,
				5BE12B5D2A67984C009A8B50 /* CombineCocoa in Frameworks */,
				5BE12B5A2A67983F009A8B50 /* ComposableArchitecture in Frameworks */,
				5BE12B802A67992C009A8B50 /* Then in Frameworks */,
			);
			runOnlyForDeploymentPostprocessing = 0;
		};
/* End PBXFrameworksBuildPhase section */

/* Begin PBXGroup section */
		5BE12B382A6784A1009A8B50 = {
			isa = PBXGroup;
			children = (
				5BE12B432A6784A1009A8B50 /* UIKit_CaseStudy */,
				5BE12B422A6784A1009A8B50 /* Products */,
			);
			sourceTree = "<group>";
		};
		5BE12B422A6784A1009A8B50 /* Products */ = {
			isa = PBXGroup;
			children = (
				5BE12B412A6784A1009A8B50 /* UIKit_CaseStudy.app */,
			);
			name = Products;
			sourceTree = "<group>";
		};
		5BE12B432A6784A1009A8B50 /* UIKit_CaseStudy */ = {
			isa = PBXGroup;
			children = (
				5BE12B442A6784A1009A8B50 /* AppDelegate.swift */,
				5BE12B462A6784A1009A8B50 /* SceneDelegate.swift */,
				5BE12B482A6784A1009A8B50 /* BaseVC.swift */,
				5BE12B612A6798D8009A8B50 /* RootVC.swift */,
				5BE12B6C2A679916009A8B50 /* BASICS */,
				5BE12B662A679916009A8B50 /* EFFECTS */,
				5BE12B632A679916009A8B50 /* NAVIGATION */,
				5BE12B4A2A6784A1009A8B50 /* Main.storyboard */,
				5BE12B4D2A6784A2009A8B50 /* Assets.xcassets */,
				5BE12B4F2A6784A2009A8B50 /* LaunchScreen.storyboard */,
				5BE12B522A6784A2009A8B50 /* Info.plist */,
			);
			path = UIKit_CaseStudy;
			sourceTree = "<group>";
		};
		5BE12B632A679916009A8B50 /* NAVIGATION */ = {
			isa = PBXGroup;
			children = (
				5BE12B642A679916009A8B50 /* LoadAndNavigate.swift */,
				5BE12B652A679916009A8B50 /* ListOfState.swift */,
			);
			path = NAVIGATION;
			sourceTree = "<group>";
		};
		5BE12B662A679916009A8B50 /* EFFECTS */ = {
			isa = PBXGroup;
			children = (
				5BE12B672A679916009A8B50 /* Effect_Cancellaction.swift */,
				5BE12B682A679916009A8B50 /* Effect_Refreshable.swift */,
				5BE12B692A679916009A8B50 /* Effect_LongLiving.swift */,
				5BE12B6A2A679916009A8B50 /* Effects_Basics.swift */,
				5BE12B6B2A679916009A8B50 /* Effect_Timer.swift */,
			);
			path = EFFECTS;
			sourceTree = "<group>";
		};
		5BE12B6C2A679916009A8B50 /* BASICS */ = {
			isa = PBXGroup;
			children = (
				5BE12B6D2A679916009A8B50 /* TwoCounterVC.swift */,
				5BE12B6E2A679916009A8B50 /* CounterVC.swift */,
				5BE12B6F2A679916009A8B50 /* SharedVC.swift */,
				5BE12B702A679916009A8B50 /* OptionalVC.swift */,
				5BE12B712A679916009A8B50 /* BindingsVC.swift */,
			);
			path = BASICS;
			sourceTree = "<group>";
		};
/* End PBXGroup section */

/* Begin PBXNativeTarget section */
		5BE12B402A6784A1009A8B50 /* UIKit_CaseStudy */ = {
			isa = PBXNativeTarget;
			buildConfigurationList = 5BE12B552A6784A2009A8B50 /* Build configuration list for PBXNativeTarget "UIKit_CaseStudy" */;
			buildPhases = (
				5BE12B3D2A6784A1009A8B50 /* Sources */,
				5BE12B3E2A6784A1009A8B50 /* Frameworks */,
				5BE12B3F2A6784A1009A8B50 /* Resources */,
			);
			buildRules = (
			);
			dependencies = (
			);
			name = UIKit_CaseStudy;
			packageProductDependencies = (
				5BE12B592A67983F009A8B50 /* ComposableArchitecture */,
				5BE12B5C2A67984C009A8B50 /* CombineCocoa */,
				5BE12B5F2A679858009A8B50 /* SnapKit */,
				5BE12B7F2A67992C009A8B50 /* Then */,
			);
			productName = UIKit_CaseStudy;
			productReference = 5BE12B412A6784A1009A8B50 /* UIKit_CaseStudy.app */;
			productType = "com.apple.product-type.application";
		};
/* End PBXNativeTarget section */

/* Begin PBXProject section */
		5BE12B392A6784A1009A8B50 /* Project object */ = {
			isa = PBXProject;
			attributes = {
				BuildIndependentTargetsInParallel = 1;
				LastSwiftUpdateCheck = 1430;
				LastUpgradeCheck = 1430;
				TargetAttributes = {
					5BE12B402A6784A1009A8B50 = {
						CreatedOnToolsVersion = 14.3;
					};
				};
			};
			buildConfigurationList = 5BE12B3C2A6784A1009A8B50 /* Build configuration list for PBXProject "UIKit_CaseStudy" */;
			compatibilityVersion = "Xcode 14.0";
			developmentRegion = en;
			hasScannedForEncodings = 0;
			knownRegions = (
				en,
				Base,
			);
			mainGroup = 5BE12B382A6784A1009A8B50;
			packageReferences = (
				5BE12B582A67983F009A8B50 /* XCRemoteSwiftPackageReference "swift-composable-architecture" */,
				5BE12B5B2A67984C009A8B50 /* XCRemoteSwiftPackageReference "CombineCocoa" */,
				5BE12B5E2A679858009A8B50 /* XCRemoteSwiftPackageReference "SnapKit" */,
				5BE12B7E2A67992C009A8B50 /* XCRemoteSwiftPackageReference "Then" */,
			);
			productRefGroup = 5BE12B422A6784A1009A8B50 /* Products */;
			projectDirPath = "";
			projectRoot = "";
			targets = (
				5BE12B402A6784A1009A8B50 /* UIKit_CaseStudy */,
			);
		};
/* End PBXProject section */

/* Begin PBXResourcesBuildPhase section */
		5BE12B3F2A6784A1009A8B50 /* Resources */ = {
			isa = PBXResourcesBuildPhase;
			buildActionMask = 2147483647;
			files = (
				5BE12B512A6784A2009A8B50 /* LaunchScreen.storyboard in Resources */,
				5BE12B4E2A6784A2009A8B50 /* Assets.xcassets in Resources */,
				5BE12B4C2A6784A1009A8B50 /* Main.storyboard in Resources */,
			);
			runOnlyForDeploymentPostprocessing = 0;
		};
/* End PBXResourcesBuildPhase section */

/* Begin PBXSourcesBuildPhase section */
		5BE12B3D2A6784A1009A8B50 /* Sources */ = {
			isa = PBXSourcesBuildPhase;
			buildActionMask = 2147483647;
			files = (
				5BE12B792A679916009A8B50 /* TwoCounterVC.swift in Sources */,
				5BE12B732A679916009A8B50 /* ListOfState.swift in Sources */,
				5BE12B7D2A679916009A8B50 /* BindingsVC.swift in Sources */,
				5BE12B7A2A679916009A8B50 /* CounterVC.swift in Sources */,
				5BE12B762A679916009A8B50 /* Effect_LongLiving.swift in Sources */,
				5BE12B742A679916009A8B50 /* Effect_Cancellaction.swift in Sources */,
				5BE12B752A679916009A8B50 /* Effect_Refreshable.swift in Sources */,
				5BE12B622A6798D8009A8B50 /* RootVC.swift in Sources */,
				5BE12B7B2A679916009A8B50 /* SharedVC.swift in Sources */,
				5BE12B772A679916009A8B50 /* Effects_Basics.swift in Sources */,
				5BE12B782A679916009A8B50 /* Effect_Timer.swift in Sources */,
				5BE12B492A6784A1009A8B50 /* BaseVC.swift in Sources */,
				5BE12B7C2A679916009A8B50 /* OptionalVC.swift in Sources */,
				5BE12B452A6784A1009A8B50 /* AppDelegate.swift in Sources */,
				5BE12B722A679916009A8B50 /* LoadAndNavigate.swift in Sources */,
				5BE12B472A6784A1009A8B50 /* SceneDelegate.swift in Sources */,
			);
			runOnlyForDeploymentPostprocessing = 0;
		};
/* End PBXSourcesBuildPhase section */

/* Begin PBXVariantGroup section */
		5BE12B4A2A6784A1009A8B50 /* Main.storyboard */ = {
			isa = PBXVariantGroup;
			children = (
				5BE12B4B2A6784A1009A8B50 /* Base */,
			);
			name = Main.storyboard;
			sourceTree = "<group>";
		};
		5BE12B4F2A6784A2009A8B50 /* LaunchScreen.storyboard */ = {
			isa = PBXVariantGroup;
			children = (
				5BE12B502A6784A2009A8B50 /* Base */,
			);
			name = LaunchScreen.storyboard;
			sourceTree = "<group>";
		};
/* End PBXVariantGroup section */

/* Begin XCBuildConfiguration section */
		5BE12B532A6784A2009A8B50 /* Debug */ = {
			isa = XCBuildConfiguration;
			buildSettings = {
				ALWAYS_SEARCH_USER_PATHS = NO;
				CLANG_ANALYZER_NONNULL = YES;
				CLANG_ANALYZER_NUMBER_OBJECT_CONVERSION = YES_AGGRESSIVE;
				CLANG_CXX_LANGUAGE_STANDARD = "gnu++20";
				CLANG_ENABLE_MODULES = YES;
				CLANG_ENABLE_OBJC_ARC = YES;
				CLANG_ENABLE_OBJC_WEAK = YES;
				CLANG_WARN_BLOCK_CAPTURE_AUTORELEASING = YES;
				CLANG_WARN_BOOL_CONVERSION = YES;
				CLANG_WARN_COMMA = YES;
				CLANG_WARN_CONSTANT_CONVERSION = YES;
				CLANG_WARN_DEPRECATED_OBJC_IMPLEMENTATIONS = YES;
				CLANG_WARN_DIRECT_OBJC_ISA_USAGE = YES_ERROR;
				CLANG_WARN_DOCUMENTATION_COMMENTS = YES;
				CLANG_WARN_EMPTY_BODY = YES;
				CLANG_WARN_ENUM_CONVERSION = YES;
				CLANG_WARN_INFINITE_RECURSION = YES;
				CLANG_WARN_INT_CONVERSION = YES;
				CLANG_WARN_NON_LITERAL_NULL_CONVERSION = YES;
				CLANG_WARN_OBJC_IMPLICIT_RETAIN_SELF = YES;
				CLANG_WARN_OBJC_LITERAL_CONVERSION = YES;
				CLANG_WARN_OBJC_ROOT_CLASS = YES_ERROR;
				CLANG_WARN_QUOTED_INCLUDE_IN_FRAMEWORK_HEADER = YES;
				CLANG_WARN_RANGE_LOOP_ANALYSIS = YES;
				CLANG_WARN_STRICT_PROTOTYPES = YES;
				CLANG_WARN_SUSPICIOUS_MOVE = YES;
				CLANG_WARN_UNGUARDED_AVAILABILITY = YES_AGGRESSIVE;
				CLANG_WARN_UNREACHABLE_CODE = YES;
				CLANG_WARN__DUPLICATE_METHOD_MATCH = YES;
				COPY_PHASE_STRIP = NO;
				DEBUG_INFORMATION_FORMAT = dwarf;
				ENABLE_STRICT_OBJC_MSGSEND = YES;
				ENABLE_TESTABILITY = YES;
				GCC_C_LANGUAGE_STANDARD = gnu11;
				GCC_DYNAMIC_NO_PIC = NO;
				GCC_NO_COMMON_BLOCKS = YES;
				GCC_OPTIMIZATION_LEVEL = 0;
				GCC_PREPROCESSOR_DEFINITIONS = (
					"DEBUG=1",
					"$(inherited)",
				);
				GCC_WARN_64_TO_32_BIT_CONVERSION = YES;
				GCC_WARN_ABOUT_RETURN_TYPE = YES_ERROR;
				GCC_WARN_UNDECLARED_SELECTOR = YES;
				GCC_WARN_UNINITIALIZED_AUTOS = YES_AGGRESSIVE;
				GCC_WARN_UNUSED_FUNCTION = YES;
				GCC_WARN_UNUSED_VARIABLE = YES;
				IPHONEOS_DEPLOYMENT_TARGET = 16.4;
				MTL_ENABLE_DEBUG_INFO = INCLUDE_SOURCE;
				MTL_FAST_MATH = YES;
				ONLY_ACTIVE_ARCH = YES;
				SDKROOT = iphoneos;
				SWIFT_ACTIVE_COMPILATION_CONDITIONS = DEBUG;
				SWIFT_OPTIMIZATION_LEVEL = "-Onone";
			};
			name = Debug;
		};
		5BE12B542A6784A2009A8B50 /* Release */ = {
			isa = XCBuildConfiguration;
			buildSettings = {
				ALWAYS_SEARCH_USER_PATHS = NO;
				CLANG_ANALYZER_NONNULL = YES;
				CLANG_ANALYZER_NUMBER_OBJECT_CONVERSION = YES_AGGRESSIVE;
				CLANG_CXX_LANGUAGE_STANDARD = "gnu++20";
				CLANG_ENABLE_MODULES = YES;
				CLANG_ENABLE_OBJC_ARC = YES;
				CLANG_ENABLE_OBJC_WEAK = YES;
				CLANG_WARN_BLOCK_CAPTURE_AUTORELEASING = YES;
				CLANG_WARN_BOOL_CONVERSION = YES;
				CLANG_WARN_COMMA = YES;
				CLANG_WARN_CONSTANT_CONVERSION = YES;
				CLANG_WARN_DEPRECATED_OBJC_IMPLEMENTATIONS = YES;
				CLANG_WARN_DIRECT_OBJC_ISA_USAGE = YES_ERROR;
				CLANG_WARN_DOCUMENTATION_COMMENTS = YES;
				CLANG_WARN_EMPTY_BODY = YES;
				CLANG_WARN_ENUM_CONVERSION = YES;
				CLANG_WARN_INFINITE_RECURSION = YES;
				CLANG_WARN_INT_CONVERSION = YES;
				CLANG_WARN_NON_LITERAL_NULL_CONVERSION = YES;
				CLANG_WARN_OBJC_IMPLICIT_RETAIN_SELF = YES;
				CLANG_WARN_OBJC_LITERAL_CONVERSION = YES;
				CLANG_WARN_OBJC_ROOT_CLASS = YES_ERROR;
				CLANG_WARN_QUOTED_INCLUDE_IN_FRAMEWORK_HEADER = YES;
				CLANG_WARN_RANGE_LOOP_ANALYSIS = YES;
				CLANG_WARN_STRICT_PROTOTYPES = YES;
				CLANG_WARN_SUSPICIOUS_MOVE = YES;
				CLANG_WARN_UNGUARDED_AVAILABILITY = YES_AGGRESSIVE;
				CLANG_WARN_UNREACHABLE_CODE = YES;
				CLANG_WARN__DUPLICATE_METHOD_MATCH = YES;
				COPY_PHASE_STRIP = NO;
				DEBUG_INFORMATION_FORMAT = "dwarf-with-dsym";
				ENABLE_NS_ASSERTIONS = NO;
				ENABLE_STRICT_OBJC_MSGSEND = YES;
				GCC_C_LANGUAGE_STANDARD = gnu11;
				GCC_NO_COMMON_BLOCKS = YES;
				GCC_WARN_64_TO_32_BIT_CONVERSION = YES;
				GCC_WARN_ABOUT_RETURN_TYPE = YES_ERROR;
				GCC_WARN_UNDECLARED_SELECTOR = YES;
				GCC_WARN_UNINITIALIZED_AUTOS = YES_AGGRESSIVE;
				GCC_WARN_UNUSED_FUNCTION = YES;
				GCC_WARN_UNUSED_VARIABLE = YES;
				IPHONEOS_DEPLOYMENT_TARGET = 16.4;
				MTL_ENABLE_DEBUG_INFO = NO;
				MTL_FAST_MATH = YES;
				SDKROOT = iphoneos;
				SWIFT_COMPILATION_MODE = wholemodule;
				SWIFT_OPTIMIZATION_LEVEL = "-O";
				VALIDATE_PRODUCT = YES;
			};
			name = Release;
		};
		5BE12B562A6784A2009A8B50 /* Debug */ = {
			isa = XCBuildConfiguration;
			buildSettings = {
				ASSETCATALOG_COMPILER_APPICON_NAME = AppIcon;
				ASSETCATALOG_COMPILER_GLOBAL_ACCENT_COLOR_NAME = AccentColor;
				CODE_SIGN_STYLE = Automatic;
				CURRENT_PROJECT_VERSION = 1;
				DEVELOPMENT_TEAM = 56M5N9M2PX;
				GENERATE_INFOPLIST_FILE = YES;
				INFOPLIST_FILE = UIKit_CaseStudy/Info.plist;
				INFOPLIST_KEY_UIApplicationSupportsIndirectInputEvents = YES;
				INFOPLIST_KEY_UILaunchStoryboardName = LaunchScreen;
				INFOPLIST_KEY_UIMainStoryboardFile = Main;
				INFOPLIST_KEY_UISupportedInterfaceOrientations_iPad = "UIInterfaceOrientationPortrait UIInterfaceOrientationPortraitUpsideDown UIInterfaceOrientationLandscapeLeft UIInterfaceOrientationLandscapeRight";
				INFOPLIST_KEY_UISupportedInterfaceOrientations_iPhone = "UIInterfaceOrientationPortrait UIInterfaceOrientationLandscapeLeft UIInterfaceOrientationLandscapeRight";
				IPHONEOS_DEPLOYMENT_TARGET = 16.0;
				LD_RUNPATH_SEARCH_PATHS = (
					"$(inherited)",
					"@executable_path/Frameworks",
				);
				MARKETING_VERSION = 1.0;
				PRODUCT_BUNDLE_IDENTIFIER = "com.doyeonKim97.UIKit-CaseStudy";
				PRODUCT_NAME = "$(TARGET_NAME)";
				SUPPORTED_PLATFORMS = "iphoneos iphonesimulator";
				SUPPORTS_MACCATALYST = NO;
				SUPPORTS_MAC_DESIGNED_FOR_IPHONE_IPAD = NO;
				SWIFT_EMIT_LOC_STRINGS = YES;
				SWIFT_VERSION = 5.0;
				TARGETED_DEVICE_FAMILY = 1;
			};
			name = Debug;
		};
		5BE12B572A6784A2009A8B50 /* Release */ = {
			isa = XCBuildConfiguration;
			buildSettings = {
				ASSETCATALOG_COMPILER_APPICON_NAME = AppIcon;
				ASSETCATALOG_COMPILER_GLOBAL_ACCENT_COLOR_NAME = AccentColor;
				CODE_SIGN_STYLE = Automatic;
				CURRENT_PROJECT_VERSION = 1;
				DEVELOPMENT_TEAM = 56M5N9M2PX;
				GENERATE_INFOPLIST_FILE = YES;
				INFOPLIST_FILE = UIKit_CaseStudy/Info.plist;
				INFOPLIST_KEY_UIApplicationSupportsIndirectInputEvents = YES;
				INFOPLIST_KEY_UILaunchStoryboardName = LaunchScreen;
				INFOPLIST_KEY_UIMainStoryboardFile = Main;
				INFOPLIST_KEY_UISupportedInterfaceOrientations_iPad = "UIInterfaceOrientationPortrait UIInterfaceOrientationPortraitUpsideDown UIInterfaceOrientationLandscapeLeft UIInterfaceOrientationLandscapeRight";
				INFOPLIST_KEY_UISupportedInterfaceOrientations_iPhone = "UIInterfaceOrientationPortrait UIInterfaceOrientationLandscapeLeft UIInterfaceOrientationLandscapeRight";
				IPHONEOS_DEPLOYMENT_TARGET = 16.0;
				LD_RUNPATH_SEARCH_PATHS = (
					"$(inherited)",
					"@executable_path/Frameworks",
				);
				MARKETING_VERSION = 1.0;
				PRODUCT_BUNDLE_IDENTIFIER = "com.doyeonKim97.UIKit-CaseStudy";
				PRODUCT_NAME = "$(TARGET_NAME)";
				SUPPORTED_PLATFORMS = "iphoneos iphonesimulator";
				SUPPORTS_MACCATALYST = NO;
				SUPPORTS_MAC_DESIGNED_FOR_IPHONE_IPAD = NO;
				SWIFT_EMIT_LOC_STRINGS = YES;
				SWIFT_VERSION = 5.0;
				TARGETED_DEVICE_FAMILY = 1;
			};
			name = Release;
		};
/* End XCBuildConfiguration section */

/* Begin XCConfigurationList section */
		5BE12B3C2A6784A1009A8B50 /* Build configuration list for PBXProject "UIKit_CaseStudy" */ = {
			isa = XCConfigurationList;
			buildConfigurations = (
				5BE12B532A6784A2009A8B50 /* Debug */,
				5BE12B542A6784A2009A8B50 /* Release */,
			);
			defaultConfigurationIsVisible = 0;
			defaultConfigurationName = Release;
		};
		5BE12B552A6784A2009A8B50 /* Build configuration list for PBXNativeTarget "UIKit_CaseStudy" */ = {
			isa = XCConfigurationList;
			buildConfigurations = (
				5BE12B562A6784A2009A8B50 /* Debug */,
				5BE12B572A6784A2009A8B50 /* Release */,
			);
			defaultConfigurationIsVisible = 0;
			defaultConfigurationName = Release;
		};
/* End XCConfigurationList section */

/* Begin XCRemoteSwiftPackageReference section */
		5BE12B582A67983F009A8B50 /* XCRemoteSwiftPackageReference "swift-composable-architecture" */ = {
			isa = XCRemoteSwiftPackageReference;
			repositoryURL = "https://github.com/pointfreeco/swift-composable-architecture";
			requirement = {
				kind = upToNextMajorVersion;
				minimumVersion = 0.56.0;
			};
		};
		5BE12B5B2A67984C009A8B50 /* XCRemoteSwiftPackageReference "CombineCocoa" */ = {
			isa = XCRemoteSwiftPackageReference;
			repositoryURL = "https://github.com/CombineCommunity/CombineCocoa";
			requirement = {
				kind = upToNextMajorVersion;
				minimumVersion = 0.4.1;
			};
		};
		5BE12B5E2A679858009A8B50 /* XCRemoteSwiftPackageReference "SnapKit" */ = {
			isa = XCRemoteSwiftPackageReference;
			repositoryURL = "https://github.com/SnapKit/SnapKit";
			requirement = {
				kind = upToNextMajorVersion;
				minimumVersion = 5.0.0;
			};
		};
		5BE12B7E2A67992C009A8B50 /* XCRemoteSwiftPackageReference "Then" */ = {
			isa = XCRemoteSwiftPackageReference;
			repositoryURL = "https://github.com/devxoul/Then";
			requirement = {
				kind = upToNextMajorVersion;
				minimumVersion = 3.0.0;
			};
		};
/* End XCRemoteSwiftPackageReference section */

/* Begin XCSwiftPackageProductDependency section */
		5BE12B592A67983F009A8B50 /* ComposableArchitecture */ = {
			isa = XCSwiftPackageProductDependency;
			package = 5BE12B582A67983F009A8B50 /* XCRemoteSwiftPackageReference "swift-composable-architecture" */;
			productName = ComposableArchitecture;
		};
		5BE12B5C2A67984C009A8B50 /* CombineCocoa */ = {
			isa = XCSwiftPackageProductDependency;
			package = 5BE12B5B2A67984C009A8B50 /* XCRemoteSwiftPackageReference "CombineCocoa" */;
			productName = CombineCocoa;
		};
		5BE12B5F2A679858009A8B50 /* SnapKit */ = {
			isa = XCSwiftPackageProductDependency;
			package = 5BE12B5E2A679858009A8B50 /* XCRemoteSwiftPackageReference "SnapKit" */;
			productName = SnapKit;
		};
		5BE12B7F2A67992C009A8B50 /* Then */ = {
			isa = XCSwiftPackageProductDependency;
			package = 5BE12B7E2A67992C009A8B50 /* XCRemoteSwiftPackageReference "Then" */;
			productName = Then;
		};
/* End XCSwiftPackageProductDependency section */
	};
	rootObject = 5BE12B392A6784A1009A8B50 /* Project object */;
}
