// !$*UTF8*$!
{
	archiveVersion = 1;
	classes = {
	};
	objectVersion = 56;
	objects = {

/* Begin PBXBuildFile section */
		5B7287ED2A8C4C70005B420C /* MyApp.swift in Sources */ = {isa = PBXBuildFile; fileRef = 5B7287EC2A8C4C70005B420C /* MyApp.swift */; };
		5B7287EF2A8C4C70005B420C /* ContentView.swift in Sources */ = {isa = PBXBuildFile; fileRef = 5B7287EE2A8C4C70005B420C /* ContentView.swift */; };
		5B7287F12A8C4C72005B420C /* Assets.xcassets in Resources */ = {isa = PBXBuildFile; fileRef = 5B7287F02A8C4C72005B420C /* Assets.xcassets */; };
		5B7287F42A8C4C72005B420C /* Preview Assets.xcassets in Resources */ = {isa = PBXBuildFile; fileRef = 5B7287F32A8C4C72005B420C /* Preview Assets.xcassets */; };
		5B7287FC2A8C500A005B420C /* JournalEntry.swift in Sources */ = {isa = PBXBuildFile; fileRef = 5B7287FB2A8C500A005B420C /* JournalEntry.swift */; };
		5B7287FE2A8C5024005B420C /* Journal.swift in Sources */ = {isa = PBXBuildFile; fileRef = 5B7287FD2A8C5024005B420C /* Journal.swift */; };
		5B7288022A8C5089005B420C /* DateView.swift in Sources */ = {isa = PBXBuildFile; fileRef = 5B7288012A8C5089005B420C /* DateView.swift */; };
		5B7288042A8C5138005B420C /* JournalEntryView.swift in Sources */ = {isa = PBXBuildFile; fileRef = 5B7288032A8C5138005B420C /* JournalEntryView.swift */; };
		5B7288062A8C51D1005B420C /* JournalEntryListItem.swift in Sources */ = {isa = PBXBuildFile; fileRef = 5B7288052A8C51D1005B420C /* JournalEntryListItem.swift */; };
		5B7288082A8C5223005B420C /* DetailView.swift in Sources */ = {isa = PBXBuildFile; fileRef = 5B7288072A8C5223005B420C /* DetailView.swift */; };
		5B72880A2A8C5270005B420C /* AlternativeContentView.swift in Sources */ = {isa = PBXBuildFile; fileRef = 5B7288092A8C5270005B420C /* AlternativeContentView.swift */; };
		5B72880C2A8C5377005B420C /* SettingsDetailView.swift in Sources */ = {isa = PBXBuildFile; fileRef = 5B72880B2A8C5377005B420C /* SettingsDetailView.swift */; };
		5B72880E2A8C53BB005B420C /* SettingsView.swift in Sources */ = {isa = PBXBuildFile; fileRef = 5B72880D2A8C53BB005B420C /* SettingsView.swift */; };
		5B7288102A8C57AB005B420C /* MyScene.swift in Sources */ = {isa = PBXBuildFile; fileRef = 5B72880F2A8C57AB005B420C /* MyScene.swift */; };
		5B7288152A8C58BE005B420C /* KeywordBubbleDefaultPadding.swift in Sources */ = {isa = PBXBuildFile; fileRef = 5B7288142A8C58BE005B420C /* KeywordBubbleDefaultPadding.swift */; };
		5B7288182A8C59C8005B420C /* CaptionedPhoto.swift in Sources */ = {isa = PBXBuildFile; fileRef = 5B7288172A8C59C8005B420C /* CaptionedPhoto.swift */; };
		5B72881B2A8C5B95005B420C /* IfElseTrain.swift in Sources */ = {isa = PBXBuildFile; fileRef = 5B72881A2A8C5B95005B420C /* IfElseTrain.swift */; };
		5B72881E2A8C5C7A005B420C /* EventTitle.swift in Sources */ = {isa = PBXBuildFile; fileRef = 5B72881D2A8C5C7A005B420C /* EventTitle.swift */; };
		5B7288212A8C5DB0005B420C /* TrainCar.swift in Sources */ = {isa = PBXBuildFile; fileRef = 5B7288202A8C5DB0005B420C /* TrainCar.swift */; };
		5B7288232A8C5E53005B420C /* DefaultSpacing.swift in Sources */ = {isa = PBXBuildFile; fileRef = 5B7288222A8C5E53005B420C /* DefaultSpacing.swift */; };
		5B7288412A8C6ACB005B420C /* VegetableDumplings-thumb.jpg in Resources */ = {isa = PBXBuildFile; fileRef = 5B7288282A8C6ACB005B420C /* VegetableDumplings-thumb.jpg */; };
		5B7288422A8C6ACB005B420C /* VegetableDumplings-small.jpg in Resources */ = {isa = PBXBuildFile; fileRef = 5B7288292A8C6ACB005B420C /* VegetableDumplings-small.jpg */; };
		5B7288432A8C6ACB005B420C /* MushroomTapioca.jpg in Resources */ = {isa = PBXBuildFile; fileRef = 5B72882A2A8C6ACB005B420C /* MushroomTapioca.jpg */; };
		5B7288442A8C6ACB005B420C /* ChickpeaCurry.jpg in Resources */ = {isa = PBXBuildFile; fileRef = 5B72882B2A8C6ACB005B420C /* ChickpeaCurry.jpg */; };
		5B7288452A8C6ACB005B420C /* PassionfruitMangoSorbet.jpg in Resources */ = {isa = PBXBuildFile; fileRef = 5B72882C2A8C6ACB005B420C /* PassionfruitMangoSorbet.jpg */; };
		5B7288462A8C6ACB005B420C /* VegetableDumplings.jpg in Resources */ = {isa = PBXBuildFile; fileRef = 5B72882D2A8C6ACB005B420C /* VegetableDumplings.jpg */; };
		5B7288472A8C6ACB005B420C /* MushroomTapioca-thumb.jpg in Resources */ = {isa = PBXBuildFile; fileRef = 5B72882E2A8C6ACB005B420C /* MushroomTapioca-thumb.jpg */; };
		5B7288482A8C6ACB005B420C /* PeanutButterTruffles-thumb.jpg in Resources */ = {isa = PBXBuildFile; fileRef = 5B72882F2A8C6ACB005B420C /* PeanutButterTruffles-thumb.jpg */; };
		5B7288492A8C6ACB005B420C /* PeanutButterTruffles-small.jpg in Resources */ = {isa = PBXBuildFile; fileRef = 5B7288302A8C6ACB005B420C /* PeanutButterTruffles-small.jpg */; };
		5B72884A2A8C6ACB005B420C /* MushroomTapioca-small.jpg in Resources */ = {isa = PBXBuildFile; fileRef = 5B7288312A8C6ACB005B420C /* MushroomTapioca-small.jpg */; };
		5B72884B2A8C6ACB005B420C /* PassionfruitMangoSorbet-thumb.jpg in Resources */ = {isa = PBXBuildFile; fileRef = 5B7288322A8C6ACB005B420C /* PassionfruitMangoSorbet-thumb.jpg */; };
		5B72884C2A8C6ACB005B420C /* PassionfruitMangoSorbet-small.jpg in Resources */ = {isa = PBXBuildFile; fileRef = 5B7288332A8C6ACB005B420C /* PassionfruitMangoSorbet-small.jpg */; };
		5B72884D2A8C6ACB005B420C /* ThreeBeanSalad-small.jpg in Resources */ = {isa = PBXBuildFile; fileRef = 5B7288342A8C6ACB005B420C /* ThreeBeanSalad-small.jpg */; };
		5B72884E2A8C6ACB005B420C /* PeanutButterTruffles.jpg in Resources */ = {isa = PBXBuildFile; fileRef = 5B7288352A8C6ACB005B420C /* PeanutButterTruffles.jpg */; };
		5B72884F2A8C6ACB005B420C /* ThreeBeanSalad-thumb.jpg in Resources */ = {isa = PBXBuildFile; fileRef = 5B7288362A8C6ACB005B420C /* ThreeBeanSalad-thumb.jpg */; };
		5B7288502A8C6ACB005B420C /* ChickpeaCurry-small.jpg in Resources */ = {isa = PBXBuildFile; fileRef = 5B7288372A8C6ACB005B420C /* ChickpeaCurry-small.jpg */; };
		5B7288512A8C6ACB005B420C /* ChickpeaCurry-thumb.jpg in Resources */ = {isa = PBXBuildFile; fileRef = 5B7288382A8C6ACB005B420C /* ChickpeaCurry-thumb.jpg */; };
		5B7288522A8C6ACB005B420C /* SpicyTomatoSauce-small.jpg in Resources */ = {isa = PBXBuildFile; fileRef = 5B7288392A8C6ACB005B420C /* SpicyTomatoSauce-small.jpg */; };
		5B7288532A8C6ACB005B420C /* SpicyTomatoSauce-thumb.jpg in Resources */ = {isa = PBXBuildFile; fileRef = 5B72883A2A8C6ACB005B420C /* SpicyTomatoSauce-thumb.jpg */; };
		5B7288542A8C6ACB005B420C /* ThreeBeanSalad.jpg in Resources */ = {isa = PBXBuildFile; fileRef = 5B72883B2A8C6ACB005B420C /* ThreeBeanSalad.jpg */; };
		5B7288552A8C6ACB005B420C /* SpicyTomatoSauce.jpg in Resources */ = {isa = PBXBuildFile; fileRef = 5B72883C2A8C6ACB005B420C /* SpicyTomatoSauce.jpg */; };
		5B7288562A8C6ACB005B420C /* recipeData.json in Resources */ = {isa = PBXBuildFile; fileRef = 5B72883D2A8C6ACB005B420C /* recipeData.json */; };
		5B7288572A8C6ACB005B420C /* AppleCake-thumb.jpg in Resources */ = {isa = PBXBuildFile; fileRef = 5B72883E2A8C6ACB005B420C /* AppleCake-thumb.jpg */; };
		5B7288582A8C6ACB005B420C /* AppleCake.jpg in Resources */ = {isa = PBXBuildFile; fileRef = 5B72883F2A8C6ACB005B420C /* AppleCake.jpg */; };
		5B7288592A8C6ACB005B420C /* AppleCake-small.jpg in Resources */ = {isa = PBXBuildFile; fileRef = 5B7288402A8C6ACB005B420C /* AppleCake-small.jpg */; };
		5B72885B2A8C6AE7005B420C /* Recipe.swift in Sources */ = {isa = PBXBuildFile; fileRef = 5B72885A2A8C6AE7005B420C /* Recipe.swift */; };
		5B72885D2A8C84AA005B420C /* ModelHelpers.swift in Sources */ = {isa = PBXBuildFile; fileRef = 5B72885C2A8C84AA005B420C /* ModelHelpers.swift */; };
		5B7288642A8C94A9005B420C /* RecipeBox.swift in Sources */ = {isa = PBXBuildFile; fileRef = 5B7288632A8C94A9005B420C /* RecipeBox.swift */; };
		5B7288662A8C973B005B420C /* RecipeEditorConfig.swift in Sources */ = {isa = PBXBuildFile; fileRef = 5B7288652A8C973B005B420C /* RecipeEditorConfig.swift */; };
		5B7288692A8C9794005B420C /* SidebarItem.swift in Sources */ = {isa = PBXBuildFile; fileRef = 5B7288682A8C9794005B420C /* SidebarItem.swift */; };
		5B72886B2A8C98A4005B420C /* RecipeEditor.swift in Sources */ = {isa = PBXBuildFile; fileRef = 5B72886A2A8C98A4005B420C /* RecipeEditor.swift */; };
		5B72886D2A8C9945005B420C /* RecipeEditorForm.swift in Sources */ = {isa = PBXBuildFile; fileRef = 5B72886C2A8C9945005B420C /* RecipeEditorForm.swift */; };
		5B72886F2A8C9C59005B420C /* ContentListView.swift in Sources */ = {isa = PBXBuildFile; fileRef = 5B72886E2A8C9C59005B420C /* ContentListView.swift */; };
		5B7288742A8C9CA6005B420C /* RecipeListItemView.swift in Sources */ = {isa = PBXBuildFile; fileRef = 5B7288722A8C9CA6005B420C /* RecipeListItemView.swift */; };
		5B7288752A8C9CA6005B420C /* RecipeListView.swift in Sources */ = {isa = PBXBuildFile; fileRef = 5B7288732A8C9CA6005B420C /* RecipeListView.swift */; };
		5B7288772A8C9DA6005B420C /* StarRating.swift in Sources */ = {isa = PBXBuildFile; fileRef = 5B7288762A8C9DA6005B420C /* StarRating.swift */; };
		5B72887C2A8C9E7B005B420C /* TitleView.swift in Sources */ = {isa = PBXBuildFile; fileRef = 5B72887B2A8C9E7B005B420C /* TitleView.swift */; };
		5B7288802A8C9EBC005B420C /* CompactTitleView.swift in Sources */ = {isa = PBXBuildFile; fileRef = 5B72887F2A8C9EBC005B420C /* CompactTitleView.swift */; };
		5B7288822A8C9ED6005B420C /* RegularTitleView.swift in Sources */ = {isa = PBXBuildFile; fileRef = 5B7288812A8C9ED6005B420C /* RegularTitleView.swift */; };
/* End PBXBuildFile section */

/* Begin PBXFileReference section */
		5B7287E92A8C4C70005B420C /* SwiftUI_Concepts_Tutorials.app */ = {isa = PBXFileReference; explicitFileType = wrapper.application; includeInIndex = 0; path = SwiftUI_Concepts_Tutorials.app; sourceTree = BUILT_PRODUCTS_DIR; };
		5B7287EC2A8C4C70005B420C /* MyApp.swift */ = {isa = PBXFileReference; lastKnownFileType = sourcecode.swift; path = MyApp.swift; sourceTree = "<group>"; };
		5B7287EE2A8C4C70005B420C /* ContentView.swift */ = {isa = PBXFileReference; lastKnownFileType = sourcecode.swift; path = ContentView.swift; sourceTree = "<group>"; };
		5B7287F02A8C4C72005B420C /* Assets.xcassets */ = {isa = PBXFileReference; lastKnownFileType = folder.assetcatalog; path = Assets.xcassets; sourceTree = "<group>"; };
		5B7287F32A8C4C72005B420C /* Preview Assets.xcassets */ = {isa = PBXFileReference; lastKnownFileType = folder.assetcatalog; path = "Preview Assets.xcassets"; sourceTree = "<group>"; };
		5B7287FB2A8C500A005B420C /* JournalEntry.swift */ = {isa = PBXFileReference; lastKnownFileType = sourcecode.swift; path = JournalEntry.swift; sourceTree = "<group>"; };
		5B7287FD2A8C5024005B420C /* Journal.swift */ = {isa = PBXFileReference; lastKnownFileType = sourcecode.swift; path = Journal.swift; sourceTree = "<group>"; };
		5B7288012A8C5089005B420C /* DateView.swift */ = {isa = PBXFileReference; lastKnownFileType = sourcecode.swift; path = DateView.swift; sourceTree = "<group>"; };
		5B7288032A8C5138005B420C /* JournalEntryView.swift */ = {isa = PBXFileReference; lastKnownFileType = sourcecode.swift; path = JournalEntryView.swift; sourceTree = "<group>"; };
		5B7288052A8C51D1005B420C /* JournalEntryListItem.swift */ = {isa = PBXFileReference; lastKnownFileType = sourcecode.swift; path = JournalEntryListItem.swift; sourceTree = "<group>"; };
		5B7288072A8C5223005B420C /* DetailView.swift */ = {isa = PBXFileReference; lastKnownFileType = sourcecode.swift; path = DetailView.swift; sourceTree = "<group>"; };
		5B7288092A8C5270005B420C /* AlternativeContentView.swift */ = {isa = PBXFileReference; lastKnownFileType = sourcecode.swift; path = AlternativeContentView.swift; sourceTree = "<group>"; };
		5B72880B2A8C5377005B420C /* SettingsDetailView.swift */ = {isa = PBXFileReference; lastKnownFileType = sourcecode.swift; path = SettingsDetailView.swift; sourceTree = "<group>"; };
		5B72880D2A8C53BB005B420C /* SettingsView.swift */ = {isa = PBXFileReference; lastKnownFileType = sourcecode.swift; path = SettingsView.swift; sourceTree = "<group>"; };
		5B72880F2A8C57AB005B420C /* MyScene.swift */ = {isa = PBXFileReference; lastKnownFileType = sourcecode.swift; path = MyScene.swift; sourceTree = "<group>"; };
		5B7288142A8C58BE005B420C /* KeywordBubbleDefaultPadding.swift */ = {isa = PBXFileReference; lastKnownFileType = sourcecode.swift; path = KeywordBubbleDefaultPadding.swift; sourceTree = "<group>"; };
		5B7288172A8C59C8005B420C /* CaptionedPhoto.swift */ = {isa = PBXFileReference; lastKnownFileType = sourcecode.swift; path = CaptionedPhoto.swift; sourceTree = "<group>"; };
		5B72881A2A8C5B95005B420C /* IfElseTrain.swift */ = {isa = PBXFileReference; lastKnownFileType = sourcecode.swift; path = IfElseTrain.swift; sourceTree = "<group>"; };
		5B72881D2A8C5C7A005B420C /* EventTitle.swift */ = {isa = PBXFileReference; lastKnownFileType = sourcecode.swift; path = EventTitle.swift; sourceTree = "<group>"; };
		5B7288202A8C5DB0005B420C /* TrainCar.swift */ = {isa = PBXFileReference; lastKnownFileType = sourcecode.swift; path = TrainCar.swift; sourceTree = "<group>"; };
		5B7288222A8C5E53005B420C /* DefaultSpacing.swift */ = {isa = PBXFileReference; lastKnownFileType = sourcecode.swift; path = DefaultSpacing.swift; sourceTree = "<group>"; };
		5B7288282A8C6ACB005B420C /* VegetableDumplings-thumb.jpg */ = {isa = PBXFileReference; lastKnownFileType = image.jpeg; path = "VegetableDumplings-thumb.jpg"; sourceTree = "<group>"; };
		5B7288292A8C6ACB005B420C /* VegetableDumplings-small.jpg */ = {isa = PBXFileReference; lastKnownFileType = image.jpeg; path = "VegetableDumplings-small.jpg"; sourceTree = "<group>"; };
		5B72882A2A8C6ACB005B420C /* MushroomTapioca.jpg */ = {isa = PBXFileReference; lastKnownFileType = image.jpeg; path = MushroomTapioca.jpg; sourceTree = "<group>"; };
		5B72882B2A8C6ACB005B420C /* ChickpeaCurry.jpg */ = {isa = PBXFileReference; lastKnownFileType = image.jpeg; path = ChickpeaCurry.jpg; sourceTree = "<group>"; };
		5B72882C2A8C6ACB005B420C /* PassionfruitMangoSorbet.jpg */ = {isa = PBXFileReference; lastKnownFileType = image.jpeg; path = PassionfruitMangoSorbet.jpg; sourceTree = "<group>"; };
		5B72882D2A8C6ACB005B420C /* VegetableDumplings.jpg */ = {isa = PBXFileReference; lastKnownFileType = image.jpeg; path = VegetableDumplings.jpg; sourceTree = "<group>"; };
		5B72882E2A8C6ACB005B420C /* MushroomTapioca-thumb.jpg */ = {isa = PBXFileReference; lastKnownFileType = image.jpeg; path = "MushroomTapioca-thumb.jpg"; sourceTree = "<group>"; };
		5B72882F2A8C6ACB005B420C /* PeanutButterTruffles-thumb.jpg */ = {isa = PBXFileReference; lastKnownFileType = image.jpeg; path = "PeanutButterTruffles-thumb.jpg"; sourceTree = "<group>"; };
		5B7288302A8C6ACB005B420C /* PeanutButterTruffles-small.jpg */ = {isa = PBXFileReference; lastKnownFileType = image.jpeg; path = "PeanutButterTruffles-small.jpg"; sourceTree = "<group>"; };
		5B7288312A8C6ACB005B420C /* MushroomTapioca-small.jpg */ = {isa = PBXFileReference; lastKnownFileType = image.jpeg; path = "MushroomTapioca-small.jpg"; sourceTree = "<group>"; };
		5B7288322A8C6ACB005B420C /* PassionfruitMangoSorbet-thumb.jpg */ = {isa = PBXFileReference; lastKnownFileType = image.jpeg; path = "PassionfruitMangoSorbet-thumb.jpg"; sourceTree = "<group>"; };
		5B7288332A8C6ACB005B420C /* PassionfruitMangoSorbet-small.jpg */ = {isa = PBXFileReference; lastKnownFileType = image.jpeg; path = "PassionfruitMangoSorbet-small.jpg"; sourceTree = "<group>"; };
		5B7288342A8C6ACB005B420C /* ThreeBeanSalad-small.jpg */ = {isa = PBXFileReference; lastKnownFileType = image.jpeg; path = "ThreeBeanSalad-small.jpg"; sourceTree = "<group>"; };
		5B7288352A8C6ACB005B420C /* PeanutButterTruffles.jpg */ = {isa = PBXFileReference; lastKnownFileType = image.jpeg; path = PeanutButterTruffles.jpg; sourceTree = "<group>"; };
		5B7288362A8C6ACB005B420C /* ThreeBeanSalad-thumb.jpg */ = {isa = PBXFileReference; lastKnownFileType = image.jpeg; path = "ThreeBeanSalad-thumb.jpg"; sourceTree = "<group>"; };
		5B7288372A8C6ACB005B420C /* ChickpeaCurry-small.jpg */ = {isa = PBXFileReference; lastKnownFileType = image.jpeg; path = "ChickpeaCurry-small.jpg"; sourceTree = "<group>"; };
		5B7288382A8C6ACB005B420C /* ChickpeaCurry-thumb.jpg */ = {isa = PBXFileReference; lastKnownFileType = image.jpeg; path = "ChickpeaCurry-thumb.jpg"; sourceTree = "<group>"; };
		5B7288392A8C6ACB005B420C /* SpicyTomatoSauce-small.jpg */ = {isa = PBXFileReference; lastKnownFileType = image.jpeg; path = "SpicyTomatoSauce-small.jpg"; sourceTree = "<group>"; };
		5B72883A2A8C6ACB005B420C /* SpicyTomatoSauce-thumb.jpg */ = {isa = PBXFileReference; lastKnownFileType = image.jpeg; path = "SpicyTomatoSauce-thumb.jpg"; sourceTree = "<group>"; };
		5B72883B2A8C6ACB005B420C /* ThreeBeanSalad.jpg */ = {isa = PBXFileReference; lastKnownFileType = image.jpeg; path = ThreeBeanSalad.jpg; sourceTree = "<group>"; };
		5B72883C2A8C6ACB005B420C /* SpicyTomatoSauce.jpg */ = {isa = PBXFileReference; lastKnownFileType = image.jpeg; path = SpicyTomatoSauce.jpg; sourceTree = "<group>"; };
		5B72883D2A8C6ACB005B420C /* recipeData.json */ = {isa = PBXFileReference; fileEncoding = 4; lastKnownFileType = text.json; path = recipeData.json; sourceTree = "<group>"; };
		5B72883E2A8C6ACB005B420C /* AppleCake-thumb.jpg */ = {isa = PBXFileReference; lastKnownFileType = image.jpeg; path = "AppleCake-thumb.jpg"; sourceTree = "<group>"; };
		5B72883F2A8C6ACB005B420C /* AppleCake.jpg */ = {isa = PBXFileReference; lastKnownFileType = image.jpeg; path = AppleCake.jpg; sourceTree = "<group>"; };
		5B7288402A8C6ACB005B420C /* AppleCake-small.jpg */ = {isa = PBXFileReference; lastKnownFileType = image.jpeg; path = "AppleCake-small.jpg"; sourceTree = "<group>"; };
		5B72885A2A8C6AE7005B420C /* Recipe.swift */ = {isa = PBXFileReference; lastKnownFileType = sourcecode.swift; path = Recipe.swift; sourceTree = "<group>"; };
		5B72885C2A8C84AA005B420C /* ModelHelpers.swift */ = {isa = PBXFileReference; lastKnownFileType = sourcecode.swift; path = ModelHelpers.swift; sourceTree = "<group>"; };
		5B7288632A8C94A9005B420C /* RecipeBox.swift */ = {isa = PBXFileReference; lastKnownFileType = sourcecode.swift; path = RecipeBox.swift; sourceTree = "<group>"; };
		5B7288652A8C973B005B420C /* RecipeEditorConfig.swift */ = {isa = PBXFileReference; lastKnownFileType = sourcecode.swift; path = RecipeEditorConfig.swift; sourceTree = "<group>"; };
		5B7288682A8C9794005B420C /* SidebarItem.swift */ = {isa = PBXFileReference; lastKnownFileType = sourcecode.swift; path = SidebarItem.swift; sourceTree = "<group>"; };
		5B72886A2A8C98A4005B420C /* RecipeEditor.swift */ = {isa = PBXFileReference; lastKnownFileType = sourcecode.swift; path = RecipeEditor.swift; sourceTree = "<group>"; };
		5B72886C2A8C9945005B420C /* RecipeEditorForm.swift */ = {isa = PBXFileReference; lastKnownFileType = sourcecode.swift; path = RecipeEditorForm.swift; sourceTree = "<group>"; };
		5B72886E2A8C9C59005B420C /* ContentListView.swift */ = {isa = PBXFileReference; lastKnownFileType = sourcecode.swift; path = ContentListView.swift; sourceTree = "<group>"; };
		5B7288722A8C9CA6005B420C /* RecipeListItemView.swift */ = {isa = PBXFileReference; fileEncoding = 4; lastKnownFileType = sourcecode.swift; path = RecipeListItemView.swift; sourceTree = "<group>"; };
		5B7288732A8C9CA6005B420C /* RecipeListView.swift */ = {isa = PBXFileReference; fileEncoding = 4; lastKnownFileType = sourcecode.swift; path = RecipeListView.swift; sourceTree = "<group>"; };
		5B7288762A8C9DA6005B420C /* StarRating.swift */ = {isa = PBXFileReference; lastKnownFileType = sourcecode.swift; path = StarRating.swift; sourceTree = "<group>"; };
		5B72887B2A8C9E7B005B420C /* TitleView.swift */ = {isa = PBXFileReference; fileEncoding = 4; lastKnownFileType = sourcecode.swift; path = TitleView.swift; sourceTree = "<group>"; };
		5B72887F2A8C9EBC005B420C /* CompactTitleView.swift */ = {isa = PBXFileReference; fileEncoding = 4; lastKnownFileType = sourcecode.swift; path = CompactTitleView.swift; sourceTree = "<group>"; };
		5B7288812A8C9ED6005B420C /* RegularTitleView.swift */ = {isa = PBXFileReference; lastKnownFileType = sourcecode.swift; path = RegularTitleView.swift; sourceTree = "<group>"; };
/* End PBXFileReference section */

/* Begin PBXFrameworksBuildPhase section */
		5B7287E62A8C4C70005B420C /* Frameworks */ = {
			isa = PBXFrameworksBuildPhase;
			buildActionMask = 2147483647;
			files = (
			);
			runOnlyForDeploymentPostprocessing = 0;
		};
/* End PBXFrameworksBuildPhase section */

/* Begin PBXGroup section */
		5B7287E02A8C4C70005B420C = {
			isa = PBXGroup;
			children = (
				5B7287EB2A8C4C70005B420C /* SwiftUI_Concepts_Tutorials */,
				5B7287EA2A8C4C70005B420C /* Products */,
			);
			sourceTree = "<group>";
		};
		5B7287EA2A8C4C70005B420C /* Products */ = {
			isa = PBXGroup;
			children = (
				5B7287E92A8C4C70005B420C /* SwiftUI_Concepts_Tutorials.app */,
			);
			name = Products;
			sourceTree = "<group>";
		};
		5B7287EB2A8C4C70005B420C /* SwiftUI_Concepts_Tutorials */ = {
			isa = PBXGroup;
			children = (
				5B7287EC2A8C4C70005B420C /* MyApp.swift */,
				5B7288112A8C587C005B420C /* AppPrinciple */,
				5B7288122A8C588B005B420C /* ViewLayout */,
				5B7288242A8C6A64005B420C /* Recipes */,
				5B7287F02A8C4C72005B420C /* Assets.xcassets */,
				5B7287F22A8C4C72005B420C /* Preview Content */,
			);
			path = SwiftUI_Concepts_Tutorials;
			sourceTree = "<group>";
		};
		5B7287F22A8C4C72005B420C /* Preview Content */ = {
			isa = PBXGroup;
			children = (
				5B7287F32A8C4C72005B420C /* Preview Assets.xcassets */,
			);
			path = "Preview Content";
			sourceTree = "<group>";
		};
		5B7287FA2A8C4FF4005B420C /* Model */ = {
			isa = PBXGroup;
			children = (
				5B7287FB2A8C500A005B420C /* JournalEntry.swift */,
				5B7287FD2A8C5024005B420C /* Journal.swift */,
			);
			path = Model;
			sourceTree = "<group>";
		};
		5B7287FF2A8C503B005B420C /* Views */ = {
			isa = PBXGroup;
			children = (
				5B7287EE2A8C4C70005B420C /* ContentView.swift */,
				5B7288092A8C5270005B420C /* AlternativeContentView.swift */,
				5B7288072A8C5223005B420C /* DetailView.swift */,
				5B7288012A8C5089005B420C /* DateView.swift */,
				5B7288032A8C5138005B420C /* JournalEntryView.swift */,
				5B7288052A8C51D1005B420C /* JournalEntryListItem.swift */,
				5B72880D2A8C53BB005B420C /* SettingsView.swift */,
				5B72880B2A8C5377005B420C /* SettingsDetailView.swift */,
			);
			path = Views;
			sourceTree = "<group>";
		};
		5B7288002A8C5042005B420C /* Scenes */ = {
			isa = PBXGroup;
			children = (
				5B72880F2A8C57AB005B420C /* MyScene.swift */,
			);
			path = Scenes;
			sourceTree = "<group>";
		};
		5B7288112A8C587C005B420C /* AppPrinciple */ = {
			isa = PBXGroup;
			children = (
				5B7287FA2A8C4FF4005B420C /* Model */,
				5B7288002A8C5042005B420C /* Scenes */,
				5B7287FF2A8C503B005B420C /* Views */,
			);
			path = AppPrinciple;
			sourceTree = "<group>";
		};
		5B7288122A8C588B005B420C /* ViewLayout */ = {
			isa = PBXGroup;
			children = (
				5B72881F2A8C5D99005B420C /* Spacing */,
				5B72881C2A8C5C63005B420C /* EventTile */,
				5B7288192A8C5B61005B420C /* HiddingViews */,
				5B7288162A8C59A2005B420C /* LayeringContent */,
				5B7288132A8C58A0005B420C /* KeywordBubble */,
			);
			path = ViewLayout;
			sourceTree = "<group>";
		};
		5B7288132A8C58A0005B420C /* KeywordBubble */ = {
			isa = PBXGroup;
			children = (
				5B7288142A8C58BE005B420C /* KeywordBubbleDefaultPadding.swift */,
			);
			path = KeywordBubble;
			sourceTree = "<group>";
		};
		5B7288162A8C59A2005B420C /* LayeringContent */ = {
			isa = PBXGroup;
			children = (
				5B7288172A8C59C8005B420C /* CaptionedPhoto.swift */,
			);
			path = LayeringContent;
			sourceTree = "<group>";
		};
		5B7288192A8C5B61005B420C /* HiddingViews */ = {
			isa = PBXGroup;
			children = (
				5B72881A2A8C5B95005B420C /* IfElseTrain.swift */,
			);
			path = HiddingViews;
			sourceTree = "<group>";
		};
		5B72881C2A8C5C63005B420C /* EventTile */ = {
			isa = PBXGroup;
			children = (
				5B72881D2A8C5C7A005B420C /* EventTitle.swift */,
			);
			path = EventTile;
			sourceTree = "<group>";
		};
		5B72881F2A8C5D99005B420C /* Spacing */ = {
			isa = PBXGroup;
			children = (
				5B7288202A8C5DB0005B420C /* TrainCar.swift */,
				5B7288222A8C5E53005B420C /* DefaultSpacing.swift */,
			);
			path = Spacing;
			sourceTree = "<group>";
		};
		5B7288242A8C6A64005B420C /* Recipes */ = {
			isa = PBXGroup;
			children = (
				5B7288762A8C9DA6005B420C /* StarRating.swift */,
				5B7288272A8C6ACB005B420C /* Resources */,
				5B7288672A8C9785005B420C /* Navigation */,
				5B7288712A8C9CA6005B420C /* RecipeContentListViews */,
				5B7288262A8C6A9D005B420C /* RecipeEditor */,
				5B7288782A8C9E16005B420C /* TitleViews */,
				5B7288252A8C6A8F005B420C /* Model */,
			);
			path = Recipes;
			sourceTree = "<group>";
		};
		5B7288252A8C6A8F005B420C /* Model */ = {
			isa = PBXGroup;
			children = (
				5B72885A2A8C6AE7005B420C /* Recipe.swift */,
				5B72885C2A8C84AA005B420C /* ModelHelpers.swift */,
				5B7288632A8C94A9005B420C /* RecipeBox.swift */,
			);
			path = Model;
			sourceTree = "<group>";
		};
		5B7288262A8C6A9D005B420C /* RecipeEditor */ = {
			isa = PBXGroup;
			children = (
				5B7288652A8C973B005B420C /* RecipeEditorConfig.swift */,
				5B72886A2A8C98A4005B420C /* RecipeEditor.swift */,
				5B72886C2A8C9945005B420C /* RecipeEditorForm.swift */,
			);
			path = RecipeEditor;
			sourceTree = "<group>";
		};
		5B7288272A8C6ACB005B420C /* Resources */ = {
			isa = PBXGroup;
			children = (
				5B7288282A8C6ACB005B420C /* VegetableDumplings-thumb.jpg */,
				5B7288292A8C6ACB005B420C /* VegetableDumplings-small.jpg */,
				5B72882A2A8C6ACB005B420C /* MushroomTapioca.jpg */,
				5B72882B2A8C6ACB005B420C /* ChickpeaCurry.jpg */,
				5B72882C2A8C6ACB005B420C /* PassionfruitMangoSorbet.jpg */,
				5B72882D2A8C6ACB005B420C /* VegetableDumplings.jpg */,
				5B72882E2A8C6ACB005B420C /* MushroomTapioca-thumb.jpg */,
				5B72882F2A8C6ACB005B420C /* PeanutButterTruffles-thumb.jpg */,
				5B7288302A8C6ACB005B420C /* PeanutButterTruffles-small.jpg */,
				5B7288312A8C6ACB005B420C /* MushroomTapioca-small.jpg */,
				5B7288322A8C6ACB005B420C /* PassionfruitMangoSorbet-thumb.jpg */,
				5B7288332A8C6ACB005B420C /* PassionfruitMangoSorbet-small.jpg */,
				5B7288342A8C6ACB005B420C /* ThreeBeanSalad-small.jpg */,
				5B7288352A8C6ACB005B420C /* PeanutButterTruffles.jpg */,
				5B7288362A8C6ACB005B420C /* ThreeBeanSalad-thumb.jpg */,
				5B7288372A8C6ACB005B420C /* ChickpeaCurry-small.jpg */,
				5B7288382A8C6ACB005B420C /* ChickpeaCurry-thumb.jpg */,
				5B7288392A8C6ACB005B420C /* SpicyTomatoSauce-small.jpg */,
				5B72883A2A8C6ACB005B420C /* SpicyTomatoSauce-thumb.jpg */,
				5B72883B2A8C6ACB005B420C /* ThreeBeanSalad.jpg */,
				5B72883C2A8C6ACB005B420C /* SpicyTomatoSauce.jpg */,
				5B72883D2A8C6ACB005B420C /* recipeData.json */,
				5B72883E2A8C6ACB005B420C /* AppleCake-thumb.jpg */,
				5B72883F2A8C6ACB005B420C /* AppleCake.jpg */,
				5B7288402A8C6ACB005B420C /* AppleCake-small.jpg */,
			);
			path = Resources;
			sourceTree = "<group>";
		};
		5B7288672A8C9785005B420C /* Navigation */ = {
			isa = PBXGroup;
			children = (
				5B7288682A8C9794005B420C /* SidebarItem.swift */,
				5B72886E2A8C9C59005B420C /* ContentListView.swift */,
			);
			path = Navigation;
			sourceTree = "<group>";
		};
		5B7288712A8C9CA6005B420C /* RecipeContentListViews */ = {
			isa = PBXGroup;
			children = (
				5B7288722A8C9CA6005B420C /* RecipeListItemView.swift */,
				5B7288732A8C9CA6005B420C /* RecipeListView.swift */,
			);
			path = RecipeContentListViews;
			sourceTree = "<group>";
		};
		5B7288782A8C9E16005B420C /* TitleViews */ = {
			isa = PBXGroup;
			children = (
				5B72887F2A8C9EBC005B420C /* CompactTitleView.swift */,
				5B72887B2A8C9E7B005B420C /* TitleView.swift */,
				5B7288812A8C9ED6005B420C /* RegularTitleView.swift */,
			);
			path = TitleViews;
			sourceTree = "<group>";
		};
/* End PBXGroup section */

/* Begin PBXNativeTarget section */
		5B7287E82A8C4C70005B420C /* SwiftUI_Concepts_Tutorials */ = {
			isa = PBXNativeTarget;
			buildConfigurationList = 5B7287F72A8C4C72005B420C /* Build configuration list for PBXNativeTarget "SwiftUI_Concepts_Tutorials" */;
			buildPhases = (
				5B7287E52A8C4C70005B420C /* Sources */,
				5B7287E62A8C4C70005B420C /* Frameworks */,
				5B7287E72A8C4C70005B420C /* Resources */,
			);
			buildRules = (
			);
			dependencies = (
			);
			name = SwiftUI_Concepts_Tutorials;
			productName = SwiftUI_Concepts_Tutorials;
			productReference = 5B7287E92A8C4C70005B420C /* SwiftUI_Concepts_Tutorials.app */;
			productType = "com.apple.product-type.application";
		};
/* End PBXNativeTarget section */

/* Begin PBXProject section */
		5B7287E12A8C4C70005B420C /* Project object */ = {
			isa = PBXProject;
			attributes = {
				BuildIndependentTargetsInParallel = 1;
				LastSwiftUpdateCheck = 1430;
				LastUpgradeCheck = 1430;
				TargetAttributes = {
					5B7287E82A8C4C70005B420C = {
						CreatedOnToolsVersion = 14.3;
					};
				};
			};
			buildConfigurationList = 5B7287E42A8C4C70005B420C /* Build configuration list for PBXProject "SwiftUI_Concepts_Tutorials" */;
			compatibilityVersion = "Xcode 14.0";
			developmentRegion = en;
			hasScannedForEncodings = 0;
			knownRegions = (
				en,
				Base,
			);
			mainGroup = 5B7287E02A8C4C70005B420C;
			productRefGroup = 5B7287EA2A8C4C70005B420C /* Products */;
			projectDirPath = "";
			projectRoot = "";
			targets = (
				5B7287E82A8C4C70005B420C /* SwiftUI_Concepts_Tutorials */,
			);
		};
/* End PBXProject section */

/* Begin PBXResourcesBuildPhase section */
		5B7287E72A8C4C70005B420C /* Resources */ = {
			isa = PBXResourcesBuildPhase;
			buildActionMask = 2147483647;
			files = (
				5B7288522A8C6ACB005B420C /* SpicyTomatoSauce-small.jpg in Resources */,
				5B7288592A8C6ACB005B420C /* AppleCake-small.jpg in Resources */,
				5B7288482A8C6ACB005B420C /* PeanutButterTruffles-thumb.jpg in Resources */,
				5B7288502A8C6ACB005B420C /* ChickpeaCurry-small.jpg in Resources */,
				5B72884A2A8C6ACB005B420C /* MushroomTapioca-small.jpg in Resources */,
				5B7288472A8C6ACB005B420C /* MushroomTapioca-thumb.jpg in Resources */,
				5B72884D2A8C6ACB005B420C /* ThreeBeanSalad-small.jpg in Resources */,
				5B7288552A8C6ACB005B420C /* SpicyTomatoSauce.jpg in Resources */,
				5B7287F42A8C4C72005B420C /* Preview Assets.xcassets in Resources */,
				5B72884E2A8C6ACB005B420C /* PeanutButterTruffles.jpg in Resources */,
				5B7288562A8C6ACB005B420C /* recipeData.json in Resources */,
				5B7288452A8C6ACB005B420C /* PassionfruitMangoSorbet.jpg in Resources */,
				5B7288442A8C6ACB005B420C /* ChickpeaCurry.jpg in Resources */,
				5B72884C2A8C6ACB005B420C /* PassionfruitMangoSorbet-small.jpg in Resources */,
				5B7288492A8C6ACB005B420C /* PeanutButterTruffles-small.jpg in Resources */,
				5B7288412A8C6ACB005B420C /* VegetableDumplings-thumb.jpg in Resources */,
				5B7288572A8C6ACB005B420C /* AppleCake-thumb.jpg in Resources */,
				5B7288582A8C6ACB005B420C /* AppleCake.jpg in Resources */,
				5B7287F12A8C4C72005B420C /* Assets.xcassets in Resources */,
				5B72884F2A8C6ACB005B420C /* ThreeBeanSalad-thumb.jpg in Resources */,
				5B7288422A8C6ACB005B420C /* VegetableDumplings-small.jpg in Resources */,
				5B7288542A8C6ACB005B420C /* ThreeBeanSalad.jpg in Resources */,
				5B7288432A8C6ACB005B420C /* MushroomTapioca.jpg in Resources */,
				5B7288462A8C6ACB005B420C /* VegetableDumplings.jpg in Resources */,
				5B72884B2A8C6ACB005B420C /* PassionfruitMangoSorbet-thumb.jpg in Resources */,
				5B7288512A8C6ACB005B420C /* ChickpeaCurry-thumb.jpg in Resources */,
				5B7288532A8C6ACB005B420C /* SpicyTomatoSauce-thumb.jpg in Resources */,
			);
			runOnlyForDeploymentPostprocessing = 0;
		};
/* End PBXResourcesBuildPhase section */

/* Begin PBXSourcesBuildPhase section */
		5B7287E52A8C4C70005B420C /* Sources */ = {
			isa = PBXSourcesBuildPhase;
			buildActionMask = 2147483647;
			files = (
				5B7288822A8C9ED6005B420C /* RegularTitleView.swift in Sources */,
				5B7288022A8C5089005B420C /* DateView.swift in Sources */,
				5B7288802A8C9EBC005B420C /* CompactTitleView.swift in Sources */,
				5B72881B2A8C5B95005B420C /* IfElseTrain.swift in Sources */,
				5B7288082A8C5223005B420C /* DetailView.swift in Sources */,
				5B7288212A8C5DB0005B420C /* TrainCar.swift in Sources */,
				5B7288692A8C9794005B420C /* SidebarItem.swift in Sources */,
				5B72887C2A8C9E7B005B420C /* TitleView.swift in Sources */,
				5B7288642A8C94A9005B420C /* RecipeBox.swift in Sources */,
				5B7287FC2A8C500A005B420C /* JournalEntry.swift in Sources */,
				5B7288772A8C9DA6005B420C /* StarRating.swift in Sources */,
				5B72885D2A8C84AA005B420C /* ModelHelpers.swift in Sources */,
				5B72886D2A8C9945005B420C /* RecipeEditorForm.swift in Sources */,
				5B7287EF2A8C4C70005B420C /* ContentView.swift in Sources */,
				5B7288062A8C51D1005B420C /* JournalEntryListItem.swift in Sources */,
				5B72880A2A8C5270005B420C /* AlternativeContentView.swift in Sources */,
				5B7288152A8C58BE005B420C /* KeywordBubbleDefaultPadding.swift in Sources */,
				5B72880C2A8C5377005B420C /* SettingsDetailView.swift in Sources */,
				5B7288042A8C5138005B420C /* JournalEntryView.swift in Sources */,
				5B7288742A8C9CA6005B420C /* RecipeListItemView.swift in Sources */,
				5B7288232A8C5E53005B420C /* DefaultSpacing.swift in Sources */,
				5B72886F2A8C9C59005B420C /* ContentListView.swift in Sources */,
				5B7288662A8C973B005B420C /* RecipeEditorConfig.swift in Sources */,
				5B7288102A8C57AB005B420C /* MyScene.swift in Sources */,
				5B7287ED2A8C4C70005B420C /* MyApp.swift in Sources */,
				5B7287FE2A8C5024005B420C /* Journal.swift in Sources */,
				5B7288752A8C9CA6005B420C /* RecipeListView.swift in Sources */,
				5B7288182A8C59C8005B420C /* CaptionedPhoto.swift in Sources */,
				5B72886B2A8C98A4005B420C /* RecipeEditor.swift in Sources */,
				5B72885B2A8C6AE7005B420C /* Recipe.swift in Sources */,
				5B72880E2A8C53BB005B420C /* SettingsView.swift in Sources */,
				5B72881E2A8C5C7A005B420C /* EventTitle.swift in Sources */,
			);
			runOnlyForDeploymentPostprocessing = 0;
		};
/* End PBXSourcesBuildPhase section */

/* Begin XCBuildConfiguration section */
		5B7287F52A8C4C72005B420C /* Debug */ = {
			isa = XCBuildConfiguration;
			buildSettings = {
				ALWAYS_SEARCH_USER_PATHS = NO;
				CLANG_ANALYZER_NONNULL = YES;
				CLANG_ANALYZER_NUMBER_OBJECT_CONVERSION = YES_AGGRESSIVE;
				CLANG_CXX_LANGUAGE_STANDARD = "gnu++20";
				CLANG_ENABLE_MODULES = YES;
				CLANG_ENABLE_OBJC_ARC = YES;
				CLANG_ENABLE_OBJC_WEAK = YES;
				CLANG_WARN_BLOCK_CAPTURE_AUTORELEASING = YES;
				CLANG_WARN_BOOL_CONVERSION = YES;
				CLANG_WARN_COMMA = YES;
				CLANG_WARN_CONSTANT_CONVERSION = YES;
				CLANG_WARN_DEPRECATED_OBJC_IMPLEMENTATIONS = YES;
				CLANG_WARN_DIRECT_OBJC_ISA_USAGE = YES_ERROR;
				CLANG_WARN_DOCUMENTATION_COMMENTS = YES;
				CLANG_WARN_EMPTY_BODY = YES;
				CLANG_WARN_ENUM_CONVERSION = YES;
				CLANG_WARN_INFINITE_RECURSION = YES;
				CLANG_WARN_INT_CONVERSION = YES;
				CLANG_WARN_NON_LITERAL_NULL_CONVERSION = YES;
				CLANG_WARN_OBJC_IMPLICIT_RETAIN_SELF = YES;
				CLANG_WARN_OBJC_LITERAL_CONVERSION = YES;
				CLANG_WARN_OBJC_ROOT_CLASS = YES_ERROR;
				CLANG_WARN_QUOTED_INCLUDE_IN_FRAMEWORK_HEADER = YES;
				CLANG_WARN_RANGE_LOOP_ANALYSIS = YES;
				CLANG_WARN_STRICT_PROTOTYPES = YES;
				CLANG_WARN_SUSPICIOUS_MOVE = YES;
				CLANG_WARN_UNGUARDED_AVAILABILITY = YES_AGGRESSIVE;
				CLANG_WARN_UNREACHABLE_CODE = YES;
				CLANG_WARN__DUPLICATE_METHOD_MATCH = YES;
				COPY_PHASE_STRIP = NO;
				DEBUG_INFORMATION_FORMAT = dwarf;
				ENABLE_STRICT_OBJC_MSGSEND = YES;
				ENABLE_TESTABILITY = YES;
				GCC_C_LANGUAGE_STANDARD = gnu11;
				GCC_DYNAMIC_NO_PIC = NO;
				GCC_NO_COMMON_BLOCKS = YES;
				GCC_OPTIMIZATION_LEVEL = 0;
				GCC_PREPROCESSOR_DEFINITIONS = (
					"DEBUG=1",
					"$(inherited)",
				);
				GCC_WARN_64_TO_32_BIT_CONVERSION = YES;
				GCC_WARN_ABOUT_RETURN_TYPE = YES_ERROR;
				GCC_WARN_UNDECLARED_SELECTOR = YES;
				GCC_WARN_UNINITIALIZED_AUTOS = YES_AGGRESSIVE;
				GCC_WARN_UNUSED_FUNCTION = YES;
				GCC_WARN_UNUSED_VARIABLE = YES;
				IPHONEOS_DEPLOYMENT_TARGET = 16.0;
				MTL_ENABLE_DEBUG_INFO = INCLUDE_SOURCE;
				MTL_FAST_MATH = YES;
				ONLY_ACTIVE_ARCH = YES;
				SDKROOT = iphoneos;
				SWIFT_ACTIVE_COMPILATION_CONDITIONS = DEBUG;
				SWIFT_OPTIMIZATION_LEVEL = "-Onone";
			};
			name = Debug;
		};
		5B7287F62A8C4C72005B420C /* Release */ = {
			isa = XCBuildConfiguration;
			buildSettings = {
				ALWAYS_SEARCH_USER_PATHS = NO;
				CLANG_ANALYZER_NONNULL = YES;
				CLANG_ANALYZER_NUMBER_OBJECT_CONVERSION = YES_AGGRESSIVE;
				CLANG_CXX_LANGUAGE_STANDARD = "gnu++20";
				CLANG_ENABLE_MODULES = YES;
				CLANG_ENABLE_OBJC_ARC = YES;
				CLANG_ENABLE_OBJC_WEAK = YES;
				CLANG_WARN_BLOCK_CAPTURE_AUTORELEASING = YES;
				CLANG_WARN_BOOL_CONVERSION = YES;
				CLANG_WARN_COMMA = YES;
				CLANG_WARN_CONSTANT_CONVERSION = YES;
				CLANG_WARN_DEPRECATED_OBJC_IMPLEMENTATIONS = YES;
				CLANG_WARN_DIRECT_OBJC_ISA_USAGE = YES_ERROR;
				CLANG_WARN_DOCUMENTATION_COMMENTS = YES;
				CLANG_WARN_EMPTY_BODY = YES;
				CLANG_WARN_ENUM_CONVERSION = YES;
				CLANG_WARN_INFINITE_RECURSION = YES;
				CLANG_WARN_INT_CONVERSION = YES;
				CLANG_WARN_NON_LITERAL_NULL_CONVERSION = YES;
				CLANG_WARN_OBJC_IMPLICIT_RETAIN_SELF = YES;
				CLANG_WARN_OBJC_LITERAL_CONVERSION = YES;
				CLANG_WARN_OBJC_ROOT_CLASS = YES_ERROR;
				CLANG_WARN_QUOTED_INCLUDE_IN_FRAMEWORK_HEADER = YES;
				CLANG_WARN_RANGE_LOOP_ANALYSIS = YES;
				CLANG_WARN_STRICT_PROTOTYPES = YES;
				CLANG_WARN_SUSPICIOUS_MOVE = YES;
				CLANG_WARN_UNGUARDED_AVAILABILITY = YES_AGGRESSIVE;
				CLANG_WARN_UNREACHABLE_CODE = YES;
				CLANG_WARN__DUPLICATE_METHOD_MATCH = YES;
				COPY_PHASE_STRIP = NO;
				DEBUG_INFORMATION_FORMAT = "dwarf-with-dsym";
				ENABLE_NS_ASSERTIONS = NO;
				ENABLE_STRICT_OBJC_MSGSEND = YES;
				GCC_C_LANGUAGE_STANDARD = gnu11;
				GCC_NO_COMMON_BLOCKS = YES;
				GCC_WARN_64_TO_32_BIT_CONVERSION = YES;
				GCC_WARN_ABOUT_RETURN_TYPE = YES_ERROR;
				GCC_WARN_UNDECLARED_SELECTOR = YES;
				GCC_WARN_UNINITIALIZED_AUTOS = YES_AGGRESSIVE;
				GCC_WARN_UNUSED_FUNCTION = YES;
				GCC_WARN_UNUSED_VARIABLE = YES;
				IPHONEOS_DEPLOYMENT_TARGET = 16.0;
				MTL_ENABLE_DEBUG_INFO = NO;
				MTL_FAST_MATH = YES;
				SDKROOT = iphoneos;
				SWIFT_COMPILATION_MODE = wholemodule;
				SWIFT_OPTIMIZATION_LEVEL = "-O";
				VALIDATE_PRODUCT = YES;
			};
			name = Release;
		};
		5B7287F82A8C4C72005B420C /* Debug */ = {
			isa = XCBuildConfiguration;
			buildSettings = {
				ASSETCATALOG_COMPILER_APPICON_NAME = AppIcon;
				ASSETCATALOG_COMPILER_GLOBAL_ACCENT_COLOR_NAME = AccentColor;
				CODE_SIGN_STYLE = Automatic;
				CURRENT_PROJECT_VERSION = 1;
				DEVELOPMENT_ASSET_PATHS = "\"SwiftUI_Concepts_Tutorials/Preview Content\"";
				DEVELOPMENT_TEAM = 56M5N9M2PX;
				ENABLE_PREVIEWS = YES;
				GENERATE_INFOPLIST_FILE = YES;
				INFOPLIST_KEY_UIApplicationSceneManifest_Generation = YES;
				INFOPLIST_KEY_UIApplicationSupportsIndirectInputEvents = YES;
				INFOPLIST_KEY_UILaunchScreen_Generation = YES;
				INFOPLIST_KEY_UISupportedInterfaceOrientations_iPad = "UIInterfaceOrientationPortrait UIInterfaceOrientationPortraitUpsideDown UIInterfaceOrientationLandscapeLeft UIInterfaceOrientationLandscapeRight";
				INFOPLIST_KEY_UISupportedInterfaceOrientations_iPhone = "UIInterfaceOrientationPortrait UIInterfaceOrientationLandscapeLeft UIInterfaceOrientationLandscapeRight";
				IPHONEOS_DEPLOYMENT_TARGET = 16.0;
				LD_RUNPATH_SEARCH_PATHS = (
					"$(inherited)",
					"@executable_path/Frameworks",
				);
				MACOSX_DEPLOYMENT_TARGET = 13.0;
				MARKETING_VERSION = 1.0;
				PRODUCT_BUNDLE_IDENTIFIER = "com.doyeonKim97.SwiftUI-Concepts-Tutorials";
				PRODUCT_NAME = "$(TARGET_NAME)";
				SUPPORTED_PLATFORMS = "iphoneos iphonesimulator macosx";
				SUPPORTS_MACCATALYST = NO;
				SUPPORTS_MAC_DESIGNED_FOR_IPHONE_IPAD = NO;
				SWIFT_EMIT_LOC_STRINGS = YES;
				SWIFT_VERSION = 5.0;
				TARGETED_DEVICE_FAMILY = "1,2";
			};
			name = Debug;
		};
		5B7287F92A8C4C72005B420C /* Release */ = {
			isa = XCBuildConfiguration;
			buildSettings = {
				ASSETCATALOG_COMPILER_APPICON_NAME = AppIcon;
				ASSETCATALOG_COMPILER_GLOBAL_ACCENT_COLOR_NAME = AccentColor;
				CODE_SIGN_STYLE = Automatic;
				CURRENT_PROJECT_VERSION = 1;
				DEVELOPMENT_ASSET_PATHS = "\"SwiftUI_Concepts_Tutorials/Preview Content\"";
				DEVELOPMENT_TEAM = 56M5N9M2PX;
				ENABLE_PREVIEWS = YES;
				GENERATE_INFOPLIST_FILE = YES;
				INFOPLIST_KEY_UIApplicationSceneManifest_Generation = YES;
				INFOPLIST_KEY_UIApplicationSupportsIndirectInputEvents = YES;
				INFOPLIST_KEY_UILaunchScreen_Generation = YES;
				INFOPLIST_KEY_UISupportedInterfaceOrientations_iPad = "UIInterfaceOrientationPortrait UIInterfaceOrientationPortraitUpsideDown UIInterfaceOrientationLandscapeLeft UIInterfaceOrientationLandscapeRight";
				INFOPLIST_KEY_UISupportedInterfaceOrientations_iPhone = "UIInterfaceOrientationPortrait UIInterfaceOrientationLandscapeLeft UIInterfaceOrientationLandscapeRight";
				IPHONEOS_DEPLOYMENT_TARGET = 16.0;
				LD_RUNPATH_SEARCH_PATHS = (
					"$(inherited)",
					"@executable_path/Frameworks",
				);
				MACOSX_DEPLOYMENT_TARGET = 13.0;
				MARKETING_VERSION = 1.0;
				PRODUCT_BUNDLE_IDENTIFIER = "com.doyeonKim97.SwiftUI-Concepts-Tutorials";
				PRODUCT_NAME = "$(TARGET_NAME)";
				SUPPORTED_PLATFORMS = "iphoneos iphonesimulator macosx";
				SUPPORTS_MACCATALYST = NO;
				SUPPORTS_MAC_DESIGNED_FOR_IPHONE_IPAD = NO;
				SWIFT_EMIT_LOC_STRINGS = YES;
				SWIFT_VERSION = 5.0;
				TARGETED_DEVICE_FAMILY = "1,2";
			};
			name = Release;
		};
/* End XCBuildConfiguration section */

/* Begin XCConfigurationList section */
		5B7287E42A8C4C70005B420C /* Build configuration list for PBXProject "SwiftUI_Concepts_Tutorials" */ = {
			isa = XCConfigurationList;
			buildConfigurations = (
				5B7287F52A8C4C72005B420C /* Debug */,
				5B7287F62A8C4C72005B420C /* Release */,
			);
			defaultConfigurationIsVisible = 0;
			defaultConfigurationName = Release;
		};
		5B7287F72A8C4C72005B420C /* Build configuration list for PBXNativeTarget "SwiftUI_Concepts_Tutorials" */ = {
			isa = XCConfigurationList;
			buildConfigurations = (
				5B7287F82A8C4C72005B420C /* Debug */,
				5B7287F92A8C4C72005B420C /* Release */,
			);
			defaultConfigurationIsVisible = 0;
			defaultConfigurationName = Release;
		};
/* End XCConfigurationList section */
	};
	rootObject = 5B7287E12A8C4C70005B420C /* Project object */;
}
