// !$*UTF8*$!
{
	archiveVersion = 1;
	classes = {
	};
	objectVersion = 56;
	objects = {

/* Begin PBXBuildFile section */
		5B7287ED2A8C4C70005B420C /* MyApp.swift in Sources */ = {isa = PBXBuildFile; fileRef = 5B7287EC2A8C4C70005B420C /* MyApp.swift */; };
		5B7287EF2A8C4C70005B420C /* ContentView.swift in Sources */ = {isa = PBXBuildFile; fileRef = 5B7287EE2A8C4C70005B420C /* ContentView.swift */; };
		5B7287F12A8C4C72005B420C /* Assets.xcassets in Resources */ = {isa = PBXBuildFile; fileRef = 5B7287F02A8C4C72005B420C /* Assets.xcassets */; };
		5B7287F42A8C4C72005B420C /* Preview Assets.xcassets in Resources */ = {isa = PBXBuildFile; fileRef = 5B7287F32A8C4C72005B420C /* Preview Assets.xcassets */; };
		5B7287FC2A8C500A005B420C /* JournalEntry.swift in Sources */ = {isa = PBXBuildFile; fileRef = 5B7287FB2A8C500A005B420C /* JournalEntry.swift */; };
		5B7287FE2A8C5024005B420C /* Journal.swift in Sources */ = {isa = PBXBuildFile; fileRef = 5B7287FD2A8C5024005B420C /* Journal.swift */; };
		5B7288022A8C5089005B420C /* DateView.swift in Sources */ = {isa = PBXBuildFile; fileRef = 5B7288012A8C5089005B420C /* DateView.swift */; };
		5B7288042A8C5138005B420C /* JournalEntryView.swift in Sources */ = {isa = PBXBuildFile; fileRef = 5B7288032A8C5138005B420C /* JournalEntryView.swift */; };
		5B7288062A8C51D1005B420C /* JournalEntryListItem.swift in Sources */ = {isa = PBXBuildFile; fileRef = 5B7288052A8C51D1005B420C /* JournalEntryListItem.swift */; };
		5B7288082A8C5223005B420C /* DetailView.swift in Sources */ = {isa = PBXBuildFile; fileRef = 5B7288072A8C5223005B420C /* DetailView.swift */; };
		5B72880A2A8C5270005B420C /* AlternativeContentView.swift in Sources */ = {isa = PBXBuildFile; fileRef = 5B7288092A8C5270005B420C /* AlternativeContentView.swift */; };
		5B72880C2A8C5377005B420C /* SettingsDetailView.swift in Sources */ = {isa = PBXBuildFile; fileRef = 5B72880B2A8C5377005B420C /* SettingsDetailView.swift */; };
		5B72880E2A8C53BB005B420C /* SettingsView.swift in Sources */ = {isa = PBXBuildFile; fileRef = 5B72880D2A8C53BB005B420C /* SettingsView.swift */; };
		5B7288102A8C57AB005B420C /* MyScene.swift in Sources */ = {isa = PBXBuildFile; fileRef = 5B72880F2A8C57AB005B420C /* MyScene.swift */; };
		5B7288152A8C58BE005B420C /* KeywordBubbleDefaultPadding.swift in Sources */ = {isa = PBXBuildFile; fileRef = 5B7288142A8C58BE005B420C /* KeywordBubbleDefaultPadding.swift */; };
		5B7288182A8C59C8005B420C /* CaptionedPhoto.swift in Sources */ = {isa = PBXBuildFile; fileRef = 5B7288172A8C59C8005B420C /* CaptionedPhoto.swift */; };
		5B72881B2A8C5B95005B420C /* IfElseTrain.swift in Sources */ = {isa = PBXBuildFile; fileRef = 5B72881A2A8C5B95005B420C /* IfElseTrain.swift */; };
		5B72881E2A8C5C7A005B420C /* EventTitle.swift in Sources */ = {isa = PBXBuildFile; fileRef = 5B72881D2A8C5C7A005B420C /* EventTitle.swift */; };
/* End PBXBuildFile section */

/* Begin PBXFileReference section */
		5B7287E92A8C4C70005B420C /* SwiftUI_Concepts_Tutorials.app */ = {isa = PBXFileReference; explicitFileType = wrapper.application; includeInIndex = 0; path = SwiftUI_Concepts_Tutorials.app; sourceTree = BUILT_PRODUCTS_DIR; };
		5B7287EC2A8C4C70005B420C /* MyApp.swift */ = {isa = PBXFileReference; lastKnownFileType = sourcecode.swift; path = MyApp.swift; sourceTree = "<group>"; };
		5B7287EE2A8C4C70005B420C /* ContentView.swift */ = {isa = PBXFileReference; lastKnownFileType = sourcecode.swift; path = ContentView.swift; sourceTree = "<group>"; };
		5B7287F02A8C4C72005B420C /* Assets.xcassets */ = {isa = PBXFileReference; lastKnownFileType = folder.assetcatalog; path = Assets.xcassets; sourceTree = "<group>"; };
		5B7287F32A8C4C72005B420C /* Preview Assets.xcassets */ = {isa = PBXFileReference; lastKnownFileType = folder.assetcatalog; path = "Preview Assets.xcassets"; sourceTree = "<group>"; };
		5B7287FB2A8C500A005B420C /* JournalEntry.swift */ = {isa = PBXFileReference; lastKnownFileType = sourcecode.swift; path = JournalEntry.swift; sourceTree = "<group>"; };
		5B7287FD2A8C5024005B420C /* Journal.swift */ = {isa = PBXFileReference; lastKnownFileType = sourcecode.swift; path = Journal.swift; sourceTree = "<group>"; };
		5B7288012A8C5089005B420C /* DateView.swift */ = {isa = PBXFileReference; lastKnownFileType = sourcecode.swift; path = DateView.swift; sourceTree = "<group>"; };
		5B7288032A8C5138005B420C /* JournalEntryView.swift */ = {isa = PBXFileReference; lastKnownFileType = sourcecode.swift; path = JournalEntryView.swift; sourceTree = "<group>"; };
		5B7288052A8C51D1005B420C /* JournalEntryListItem.swift */ = {isa = PBXFileReference; lastKnownFileType = sourcecode.swift; path = JournalEntryListItem.swift; sourceTree = "<group>"; };
		5B7288072A8C5223005B420C /* DetailView.swift */ = {isa = PBXFileReference; lastKnownFileType = sourcecode.swift; path = DetailView.swift; sourceTree = "<group>"; };
		5B7288092A8C5270005B420C /* AlternativeContentView.swift */ = {isa = PBXFileReference; lastKnownFileType = sourcecode.swift; path = AlternativeContentView.swift; sourceTree = "<group>"; };
		5B72880B2A8C5377005B420C /* SettingsDetailView.swift */ = {isa = PBXFileReference; lastKnownFileType = sourcecode.swift; path = SettingsDetailView.swift; sourceTree = "<group>"; };
		5B72880D2A8C53BB005B420C /* SettingsView.swift */ = {isa = PBXFileReference; lastKnownFileType = sourcecode.swift; path = SettingsView.swift; sourceTree = "<group>"; };
		5B72880F2A8C57AB005B420C /* MyScene.swift */ = {isa = PBXFileReference; lastKnownFileType = sourcecode.swift; path = MyScene.swift; sourceTree = "<group>"; };
		5B7288142A8C58BE005B420C /* KeywordBubbleDefaultPadding.swift */ = {isa = PBXFileReference; lastKnownFileType = sourcecode.swift; path = KeywordBubbleDefaultPadding.swift; sourceTree = "<group>"; };
		5B7288172A8C59C8005B420C /* CaptionedPhoto.swift */ = {isa = PBXFileReference; lastKnownFileType = sourcecode.swift; path = CaptionedPhoto.swift; sourceTree = "<group>"; };
		5B72881A2A8C5B95005B420C /* IfElseTrain.swift */ = {isa = PBXFileReference; lastKnownFileType = sourcecode.swift; path = IfElseTrain.swift; sourceTree = "<group>"; };
		5B72881D2A8C5C7A005B420C /* EventTitle.swift */ = {isa = PBXFileReference; lastKnownFileType = sourcecode.swift; path = EventTitle.swift; sourceTree = "<group>"; };
/* End PBXFileReference section */

/* Begin PBXFrameworksBuildPhase section */
		5B7287E62A8C4C70005B420C /* Frameworks */ = {
			isa = PBXFrameworksBuildPhase;
			buildActionMask = 2147483647;
			files = (
			);
			runOnlyForDeploymentPostprocessing = 0;
		};
/* End PBXFrameworksBuildPhase section */

/* Begin PBXGroup section */
		5B7287E02A8C4C70005B420C = {
			isa = PBXGroup;
			children = (
				5B7287EB2A8C4C70005B420C /* SwiftUI_Concepts_Tutorials */,
				5B7287EA2A8C4C70005B420C /* Products */,
			);
			sourceTree = "<group>";
		};
		5B7287EA2A8C4C70005B420C /* Products */ = {
			isa = PBXGroup;
			children = (
				5B7287E92A8C4C70005B420C /* SwiftUI_Concepts_Tutorials.app */,
			);
			name = Products;
			sourceTree = "<group>";
		};
		5B7287EB2A8C4C70005B420C /* SwiftUI_Concepts_Tutorials */ = {
			isa = PBXGroup;
			children = (
				5B7287EC2A8C4C70005B420C /* MyApp.swift */,
				5B7288112A8C587C005B420C /* AppPrinciple */,
				5B7288122A8C588B005B420C /* ViewLayout */,
				5B7287F02A8C4C72005B420C /* Assets.xcassets */,
				5B7287F22A8C4C72005B420C /* Preview Content */,
			);
			path = SwiftUI_Concepts_Tutorials;
			sourceTree = "<group>";
		};
		5B7287F22A8C4C72005B420C /* Preview Content */ = {
			isa = PBXGroup;
			children = (
				5B7287F32A8C4C72005B420C /* Preview Assets.xcassets */,
			);
			path = "Preview Content";
			sourceTree = "<group>";
		};
		5B7287FA2A8C4FF4005B420C /* Model */ = {
			isa = PBXGroup;
			children = (
				5B7287FB2A8C500A005B420C /* JournalEntry.swift */,
				5B7287FD2A8C5024005B420C /* Journal.swift */,
			);
			path = Model;
			sourceTree = "<group>";
		};
		5B7287FF2A8C503B005B420C /* Views */ = {
			isa = PBXGroup;
			children = (
				5B7287EE2A8C4C70005B420C /* ContentView.swift */,
				5B7288092A8C5270005B420C /* AlternativeContentView.swift */,
				5B7288072A8C5223005B420C /* DetailView.swift */,
				5B7288012A8C5089005B420C /* DateView.swift */,
				5B7288032A8C5138005B420C /* JournalEntryView.swift */,
				5B7288052A8C51D1005B420C /* JournalEntryListItem.swift */,
				5B72880D2A8C53BB005B420C /* SettingsView.swift */,
				5B72880B2A8C5377005B420C /* SettingsDetailView.swift */,
			);
			path = Views;
			sourceTree = "<group>";
		};
		5B7288002A8C5042005B420C /* Scenes */ = {
			isa = PBXGroup;
			children = (
				5B72880F2A8C57AB005B420C /* MyScene.swift */,
			);
			path = Scenes;
			sourceTree = "<group>";
		};
		5B7288112A8C587C005B420C /* AppPrinciple */ = {
			isa = PBXGroup;
			children = (
				5B7287FA2A8C4FF4005B420C /* Model */,
				5B7288002A8C5042005B420C /* Scenes */,
				5B7287FF2A8C503B005B420C /* Views */,
			);
			path = AppPrinciple;
			sourceTree = "<group>";
		};
		5B7288122A8C588B005B420C /* ViewLayout */ = {
			isa = PBXGroup;
			children = (
				5B72881C2A8C5C63005B420C /* EventTile */,
				5B7288192A8C5B61005B420C /* HiddingViews */,
				5B7288162A8C59A2005B420C /* LayeringContent */,
				5B7288132A8C58A0005B420C /* KeywordBubble */,
			);
			path = ViewLayout;
			sourceTree = "<group>";
		};
		5B7288132A8C58A0005B420C /* KeywordBubble */ = {
			isa = PBXGroup;
			children = (
				5B7288142A8C58BE005B420C /* KeywordBubbleDefaultPadding.swift */,
			);
			path = KeywordBubble;
			sourceTree = "<group>";
		};
		5B7288162A8C59A2005B420C /* LayeringContent */ = {
			isa = PBXGroup;
			children = (
				5B7288172A8C59C8005B420C /* CaptionedPhoto.swift */,
			);
			path = LayeringContent;
			sourceTree = "<group>";
		};
		5B7288192A8C5B61005B420C /* HiddingViews */ = {
			isa = PBXGroup;
			children = (
				5B72881A2A8C5B95005B420C /* IfElseTrain.swift */,
			);
			path = HiddingViews;
			sourceTree = "<group>";
		};
		5B72881C2A8C5C63005B420C /* EventTile */ = {
			isa = PBXGroup;
			children = (
				5B72881D2A8C5C7A005B420C /* EventTitle.swift */,
			);
			path = EventTile;
			sourceTree = "<group>";
		};
/* End PBXGroup section */

/* Begin PBXNativeTarget section */
		5B7287E82A8C4C70005B420C /* SwiftUI_Concepts_Tutorials */ = {
			isa = PBXNativeTarget;
			buildConfigurationList = 5B7287F72A8C4C72005B420C /* Build configuration list for PBXNativeTarget "SwiftUI_Concepts_Tutorials" */;
			buildPhases = (
				5B7287E52A8C4C70005B420C /* Sources */,
				5B7287E62A8C4C70005B420C /* Frameworks */,
				5B7287E72A8C4C70005B420C /* Resources */,
			);
			buildRules = (
			);
			dependencies = (
			);
			name = SwiftUI_Concepts_Tutorials;
			productName = SwiftUI_Concepts_Tutorials;
			productReference = 5B7287E92A8C4C70005B420C /* SwiftUI_Concepts_Tutorials.app */;
			productType = "com.apple.product-type.application";
		};
/* End PBXNativeTarget section */

/* Begin PBXProject section */
		5B7287E12A8C4C70005B420C /* Project object */ = {
			isa = PBXProject;
			attributes = {
				BuildIndependentTargetsInParallel = 1;
				LastSwiftUpdateCheck = 1430;
				LastUpgradeCheck = 1430;
				TargetAttributes = {
					5B7287E82A8C4C70005B420C = {
						CreatedOnToolsVersion = 14.3;
					};
				};
			};
			buildConfigurationList = 5B7287E42A8C4C70005B420C /* Build configuration list for PBXProject "SwiftUI_Concepts_Tutorials" */;
			compatibilityVersion = "Xcode 14.0";
			developmentRegion = en;
			hasScannedForEncodings = 0;
			knownRegions = (
				en,
				Base,
			);
			mainGroup = 5B7287E02A8C4C70005B420C;
			productRefGroup = 5B7287EA2A8C4C70005B420C /* Products */;
			projectDirPath = "";
			projectRoot = "";
			targets = (
				5B7287E82A8C4C70005B420C /* SwiftUI_Concepts_Tutorials */,
			);
		};
/* End PBXProject section */

/* Begin PBXResourcesBuildPhase section */
		5B7287E72A8C4C70005B420C /* Resources */ = {
			isa = PBXResourcesBuildPhase;
			buildActionMask = 2147483647;
			files = (
				5B7287F42A8C4C72005B420C /* Preview Assets.xcassets in Resources */,
				5B7287F12A8C4C72005B420C /* Assets.xcassets in Resources */,
			);
			runOnlyForDeploymentPostprocessing = 0;
		};
/* End PBXResourcesBuildPhase section */

/* Begin PBXSourcesBuildPhase section */
		5B7287E52A8C4C70005B420C /* Sources */ = {
			isa = PBXSourcesBuildPhase;
			buildActionMask = 2147483647;
			files = (
				5B7288022A8C5089005B420C /* DateView.swift in Sources */,
				5B72881B2A8C5B95005B420C /* IfElseTrain.swift in Sources */,
				5B7288082A8C5223005B420C /* DetailView.swift in Sources */,
				5B7287FC2A8C500A005B420C /* JournalEntry.swift in Sources */,
				5B7287EF2A8C4C70005B420C /* ContentView.swift in Sources */,
				5B7288062A8C51D1005B420C /* JournalEntryListItem.swift in Sources */,
				5B72880A2A8C5270005B420C /* AlternativeContentView.swift in Sources */,
				5B7288152A8C58BE005B420C /* KeywordBubbleDefaultPadding.swift in Sources */,
				5B72880C2A8C5377005B420C /* SettingsDetailView.swift in Sources */,
				5B7288042A8C5138005B420C /* JournalEntryView.swift in Sources */,
				5B7288102A8C57AB005B420C /* MyScene.swift in Sources */,
				5B7287ED2A8C4C70005B420C /* MyApp.swift in Sources */,
				5B7287FE2A8C5024005B420C /* Journal.swift in Sources */,
				5B7288182A8C59C8005B420C /* CaptionedPhoto.swift in Sources */,
				5B72880E2A8C53BB005B420C /* SettingsView.swift in Sources */,
				5B72881E2A8C5C7A005B420C /* EventTitle.swift in Sources */,
			);
			runOnlyForDeploymentPostprocessing = 0;
		};
/* End PBXSourcesBuildPhase section */

/* Begin XCBuildConfiguration section */
		5B7287F52A8C4C72005B420C /* Debug */ = {
			isa = XCBuildConfiguration;
			buildSettings = {
				ALWAYS_SEARCH_USER_PATHS = NO;
				CLANG_ANALYZER_NONNULL = YES;
				CLANG_ANALYZER_NUMBER_OBJECT_CONVERSION = YES_AGGRESSIVE;
				CLANG_CXX_LANGUAGE_STANDARD = "gnu++20";
				CLANG_ENABLE_MODULES = YES;
				CLANG_ENABLE_OBJC_ARC = YES;
				CLANG_ENABLE_OBJC_WEAK = YES;
				CLANG_WARN_BLOCK_CAPTURE_AUTORELEASING = YES;
				CLANG_WARN_BOOL_CONVERSION = YES;
				CLANG_WARN_COMMA = YES;
				CLANG_WARN_CONSTANT_CONVERSION = YES;
				CLANG_WARN_DEPRECATED_OBJC_IMPLEMENTATIONS = YES;
				CLANG_WARN_DIRECT_OBJC_ISA_USAGE = YES_ERROR;
				CLANG_WARN_DOCUMENTATION_COMMENTS = YES;
				CLANG_WARN_EMPTY_BODY = YES;
				CLANG_WARN_ENUM_CONVERSION = YES;
				CLANG_WARN_INFINITE_RECURSION = YES;
				CLANG_WARN_INT_CONVERSION = YES;
				CLANG_WARN_NON_LITERAL_NULL_CONVERSION = YES;
				CLANG_WARN_OBJC_IMPLICIT_RETAIN_SELF = YES;
				CLANG_WARN_OBJC_LITERAL_CONVERSION = YES;
				CLANG_WARN_OBJC_ROOT_CLASS = YES_ERROR;
				CLANG_WARN_QUOTED_INCLUDE_IN_FRAMEWORK_HEADER = YES;
				CLANG_WARN_RANGE_LOOP_ANALYSIS = YES;
				CLANG_WARN_STRICT_PROTOTYPES = YES;
				CLANG_WARN_SUSPICIOUS_MOVE = YES;
				CLANG_WARN_UNGUARDED_AVAILABILITY = YES_AGGRESSIVE;
				CLANG_WARN_UNREACHABLE_CODE = YES;
				CLANG_WARN__DUPLICATE_METHOD_MATCH = YES;
				COPY_PHASE_STRIP = NO;
				DEBUG_INFORMATION_FORMAT = dwarf;
				ENABLE_STRICT_OBJC_MSGSEND = YES;
				ENABLE_TESTABILITY = YES;
				GCC_C_LANGUAGE_STANDARD = gnu11;
				GCC_DYNAMIC_NO_PIC = NO;
				GCC_NO_COMMON_BLOCKS = YES;
				GCC_OPTIMIZATION_LEVEL = 0;
				GCC_PREPROCESSOR_DEFINITIONS = (
					"DEBUG=1",
					"$(inherited)",
				);
				GCC_WARN_64_TO_32_BIT_CONVERSION = YES;
				GCC_WARN_ABOUT_RETURN_TYPE = YES_ERROR;
				GCC_WARN_UNDECLARED_SELECTOR = YES;
				GCC_WARN_UNINITIALIZED_AUTOS = YES_AGGRESSIVE;
				GCC_WARN_UNUSED_FUNCTION = YES;
				GCC_WARN_UNUSED_VARIABLE = YES;
				IPHONEOS_DEPLOYMENT_TARGET = 16.0;
				MTL_ENABLE_DEBUG_INFO = INCLUDE_SOURCE;
				MTL_FAST_MATH = YES;
				ONLY_ACTIVE_ARCH = YES;
				SDKROOT = iphoneos;
				SWIFT_ACTIVE_COMPILATION_CONDITIONS = DEBUG;
				SWIFT_OPTIMIZATION_LEVEL = "-Onone";
			};
			name = Debug;
		};
		5B7287F62A8C4C72005B420C /* Release */ = {
			isa = XCBuildConfiguration;
			buildSettings = {
				ALWAYS_SEARCH_USER_PATHS = NO;
				CLANG_ANALYZER_NONNULL = YES;
				CLANG_ANALYZER_NUMBER_OBJECT_CONVERSION = YES_AGGRESSIVE;
				CLANG_CXX_LANGUAGE_STANDARD = "gnu++20";
				CLANG_ENABLE_MODULES = YES;
				CLANG_ENABLE_OBJC_ARC = YES;
				CLANG_ENABLE_OBJC_WEAK = YES;
				CLANG_WARN_BLOCK_CAPTURE_AUTORELEASING = YES;
				CLANG_WARN_BOOL_CONVERSION = YES;
				CLANG_WARN_COMMA = YES;
				CLANG_WARN_CONSTANT_CONVERSION = YES;
				CLANG_WARN_DEPRECATED_OBJC_IMPLEMENTATIONS = YES;
				CLANG_WARN_DIRECT_OBJC_ISA_USAGE = YES_ERROR;
				CLANG_WARN_DOCUMENTATION_COMMENTS = YES;
				CLANG_WARN_EMPTY_BODY = YES;
				CLANG_WARN_ENUM_CONVERSION = YES;
				CLANG_WARN_INFINITE_RECURSION = YES;
				CLANG_WARN_INT_CONVERSION = YES;
				CLANG_WARN_NON_LITERAL_NULL_CONVERSION = YES;
				CLANG_WARN_OBJC_IMPLICIT_RETAIN_SELF = YES;
				CLANG_WARN_OBJC_LITERAL_CONVERSION = YES;
				CLANG_WARN_OBJC_ROOT_CLASS = YES_ERROR;
				CLANG_WARN_QUOTED_INCLUDE_IN_FRAMEWORK_HEADER = YES;
				CLANG_WARN_RANGE_LOOP_ANALYSIS = YES;
				CLANG_WARN_STRICT_PROTOTYPES = YES;
				CLANG_WARN_SUSPICIOUS_MOVE = YES;
				CLANG_WARN_UNGUARDED_AVAILABILITY = YES_AGGRESSIVE;
				CLANG_WARN_UNREACHABLE_CODE = YES;
				CLANG_WARN__DUPLICATE_METHOD_MATCH = YES;
				COPY_PHASE_STRIP = NO;
				DEBUG_INFORMATION_FORMAT = "dwarf-with-dsym";
				ENABLE_NS_ASSERTIONS = NO;
				ENABLE_STRICT_OBJC_MSGSEND = YES;
				GCC_C_LANGUAGE_STANDARD = gnu11;
				GCC_NO_COMMON_BLOCKS = YES;
				GCC_WARN_64_TO_32_BIT_CONVERSION = YES;
				GCC_WARN_ABOUT_RETURN_TYPE = YES_ERROR;
				GCC_WARN_UNDECLARED_SELECTOR = YES;
				GCC_WARN_UNINITIALIZED_AUTOS = YES_AGGRESSIVE;
				GCC_WARN_UNUSED_FUNCTION = YES;
				GCC_WARN_UNUSED_VARIABLE = YES;
				IPHONEOS_DEPLOYMENT_TARGET = 16.0;
				MTL_ENABLE_DEBUG_INFO = NO;
				MTL_FAST_MATH = YES;
				SDKROOT = iphoneos;
				SWIFT_COMPILATION_MODE = wholemodule;
				SWIFT_OPTIMIZATION_LEVEL = "-O";
				VALIDATE_PRODUCT = YES;
			};
			name = Release;
		};
		5B7287F82A8C4C72005B420C /* Debug */ = {
			isa = XCBuildConfiguration;
			buildSettings = {
				ASSETCATALOG_COMPILER_APPICON_NAME = AppIcon;
				ASSETCATALOG_COMPILER_GLOBAL_ACCENT_COLOR_NAME = AccentColor;
				CODE_SIGN_STYLE = Automatic;
				CURRENT_PROJECT_VERSION = 1;
				DEVELOPMENT_ASSET_PATHS = "\"SwiftUI_Concepts_Tutorials/Preview Content\"";
				DEVELOPMENT_TEAM = 56M5N9M2PX;
				ENABLE_PREVIEWS = YES;
				GENERATE_INFOPLIST_FILE = YES;
				INFOPLIST_KEY_UIApplicationSceneManifest_Generation = YES;
				INFOPLIST_KEY_UIApplicationSupportsIndirectInputEvents = YES;
				INFOPLIST_KEY_UILaunchScreen_Generation = YES;
				INFOPLIST_KEY_UISupportedInterfaceOrientations_iPad = "UIInterfaceOrientationPortrait UIInterfaceOrientationPortraitUpsideDown UIInterfaceOrientationLandscapeLeft UIInterfaceOrientationLandscapeRight";
				INFOPLIST_KEY_UISupportedInterfaceOrientations_iPhone = "UIInterfaceOrientationPortrait UIInterfaceOrientationLandscapeLeft UIInterfaceOrientationLandscapeRight";
				IPHONEOS_DEPLOYMENT_TARGET = 16.0;
				LD_RUNPATH_SEARCH_PATHS = (
					"$(inherited)",
					"@executable_path/Frameworks",
				);
				MACOSX_DEPLOYMENT_TARGET = 13.0;
				MARKETING_VERSION = 1.0;
				PRODUCT_BUNDLE_IDENTIFIER = "com.doyeonKim97.SwiftUI-Concepts-Tutorials";
				PRODUCT_NAME = "$(TARGET_NAME)";
				SUPPORTED_PLATFORMS = "iphoneos iphonesimulator macosx";
				SUPPORTS_MACCATALYST = NO;
				SUPPORTS_MAC_DESIGNED_FOR_IPHONE_IPAD = NO;
				SWIFT_EMIT_LOC_STRINGS = YES;
				SWIFT_VERSION = 5.0;
				TARGETED_DEVICE_FAMILY = "1,2";
			};
			name = Debug;
		};
		5B7287F92A8C4C72005B420C /* Release */ = {
			isa = XCBuildConfiguration;
			buildSettings = {
				ASSETCATALOG_COMPILER_APPICON_NAME = AppIcon;
				ASSETCATALOG_COMPILER_GLOBAL_ACCENT_COLOR_NAME = AccentColor;
				CODE_SIGN_STYLE = Automatic;
				CURRENT_PROJECT_VERSION = 1;
				DEVELOPMENT_ASSET_PATHS = "\"SwiftUI_Concepts_Tutorials/Preview Content\"";
				DEVELOPMENT_TEAM = 56M5N9M2PX;
				ENABLE_PREVIEWS = YES;
				GENERATE_INFOPLIST_FILE = YES;
				INFOPLIST_KEY_UIApplicationSceneManifest_Generation = YES;
				INFOPLIST_KEY_UIApplicationSupportsIndirectInputEvents = YES;
				INFOPLIST_KEY_UILaunchScreen_Generation = YES;
				INFOPLIST_KEY_UISupportedInterfaceOrientations_iPad = "UIInterfaceOrientationPortrait UIInterfaceOrientationPortraitUpsideDown UIInterfaceOrientationLandscapeLeft UIInterfaceOrientationLandscapeRight";
				INFOPLIST_KEY_UISupportedInterfaceOrientations_iPhone = "UIInterfaceOrientationPortrait UIInterfaceOrientationLandscapeLeft UIInterfaceOrientationLandscapeRight";
				IPHONEOS_DEPLOYMENT_TARGET = 16.0;
				LD_RUNPATH_SEARCH_PATHS = (
					"$(inherited)",
					"@executable_path/Frameworks",
				);
				MACOSX_DEPLOYMENT_TARGET = 13.0;
				MARKETING_VERSION = 1.0;
				PRODUCT_BUNDLE_IDENTIFIER = "com.doyeonKim97.SwiftUI-Concepts-Tutorials";
				PRODUCT_NAME = "$(TARGET_NAME)";
				SUPPORTED_PLATFORMS = "iphoneos iphonesimulator macosx";
				SUPPORTS_MACCATALYST = NO;
				SUPPORTS_MAC_DESIGNED_FOR_IPHONE_IPAD = NO;
				SWIFT_EMIT_LOC_STRINGS = YES;
				SWIFT_VERSION = 5.0;
				TARGETED_DEVICE_FAMILY = "1,2";
			};
			name = Release;
		};
/* End XCBuildConfiguration section */

/* Begin XCConfigurationList section */
		5B7287E42A8C4C70005B420C /* Build configuration list for PBXProject "SwiftUI_Concepts_Tutorials" */ = {
			isa = XCConfigurationList;
			buildConfigurations = (
				5B7287F52A8C4C72005B420C /* Debug */,
				5B7287F62A8C4C72005B420C /* Release */,
			);
			defaultConfigurationIsVisible = 0;
			defaultConfigurationName = Release;
		};
		5B7287F72A8C4C72005B420C /* Build configuration list for PBXNativeTarget "SwiftUI_Concepts_Tutorials" */ = {
			isa = XCConfigurationList;
			buildConfigurations = (
				5B7287F82A8C4C72005B420C /* Debug */,
				5B7287F92A8C4C72005B420C /* Release */,
			);
			defaultConfigurationIsVisible = 0;
			defaultConfigurationName = Release;
		};
/* End XCConfigurationList section */
	};
	rootObject = 5B7287E12A8C4C70005B420C /* Project object */;
}
